// !$*UTF8*$!
{
	archiveVersion = 1;
	classes = {
	};
	objectVersion = 46;
	objects = {

/* Begin PBXBuildFile section */
		010952B820EF22940010173A /* AppDelegate.swift in Sources */ = {isa = PBXBuildFile; fileRef = 010952B720EF22940010173A /* AppDelegate.swift */; };
		010952BA20EF22940010173A /* ViewController.swift in Sources */ = {isa = PBXBuildFile; fileRef = 010952B920EF22940010173A /* ViewController.swift */; };
		010952BD20EF22940010173A /* Main.storyboard in Resources */ = {isa = PBXBuildFile; fileRef = 010952BB20EF22940010173A /* Main.storyboard */; };
		010952BF20EF22950010173A /* Assets.xcassets in Resources */ = {isa = PBXBuildFile; fileRef = 010952BE20EF22950010173A /* Assets.xcassets */; };
		011096092028C74C00A70D38 /* PlayerView.swift in Sources */ = {isa = PBXBuildFile; fileRef = 011096082028C74C00A70D38 /* PlayerView.swift */; };
		0110960C2028C79000A70D38 /* LaunchScreen.storyboard in Resources */ = {isa = PBXBuildFile; fileRef = 0110960A2028C79000A70D38 /* LaunchScreen.storyboard */; };
		0110960F2028C7B800A70D38 /* Assets.xcassets in Resources */ = {isa = PBXBuildFile; fileRef = 0110960D2028C7B800A70D38 /* Assets.xcassets */; };
		011096102028C7B800A70D38 /* Images.xcassets in Resources */ = {isa = PBXBuildFile; fileRef = 0110960E2028C7B800A70D38 /* Images.xcassets */; };
		011096132028C83E00A70D38 /* Pods_BitmovinAnalyticsCollector_Example.framework in Frameworks */ = {isa = PBXBuildFile; fileRef = 011096142028C83E00A70D38 /* Pods_BitmovinAnalyticsCollector_Example.framework */; };
		01C26BE42083ED7B001A0D76 /* WelcomeViewController.swift in Sources */ = {isa = PBXBuildFile; fileRef = 01C26BE32083ED7B001A0D76 /* WelcomeViewController.swift */; };
		01C26BE62083F14D001A0D76 /* BitmovinViewController.swift in Sources */ = {isa = PBXBuildFile; fileRef = 01C26BE52083F14D001A0D76 /* BitmovinViewController.swift */; };
		2C4BD97ABED9D64D8F9ABDB5 /* Pods_BitmovinAnalyticsCollector_tvOSExample.framework in Frameworks */ = {isa = PBXBuildFile; fileRef = D75FCEB6F320EC31EEBDD4B8 /* Pods_BitmovinAnalyticsCollector_tvOSExample.framework */; };
		607FACD61AFB9204008FA782 /* AppDelegate.swift in Sources */ = {isa = PBXBuildFile; fileRef = 607FACD51AFB9204008FA782 /* AppDelegate.swift */; };
		607FACD81AFB9204008FA782 /* AVFoundationViewController.swift in Sources */ = {isa = PBXBuildFile; fileRef = 607FACD71AFB9204008FA782 /* AVFoundationViewController.swift */; };
		607FACDB1AFB9204008FA782 /* Main.storyboard in Resources */ = {isa = PBXBuildFile; fileRef = 607FACD91AFB9204008FA782 /* Main.storyboard */; };
		8F1713A624AB3D64009ACECA /* AssetResourceLoaderDelegate.swift in Sources */ = {isa = PBXBuildFile; fileRef = 8F1713A524AB3D64009ACECA /* AssetResourceLoaderDelegate.swift */; };
		8F1713A724AB3D64009ACECA /* AssetResourceLoaderDelegate.swift in Sources */ = {isa = PBXBuildFile; fileRef = 8F1713A524AB3D64009ACECA /* AssetResourceLoaderDelegate.swift */; };
		8F1713AB24AB3FAD009ACECA /* Asset.swift in Sources */ = {isa = PBXBuildFile; fileRef = 8F1713A824AB3FAD009ACECA /* Asset.swift */; };
		8F1713AC24AB3FAD009ACECA /* Asset.swift in Sources */ = {isa = PBXBuildFile; fileRef = 8F1713A824AB3FAD009ACECA /* Asset.swift */; };
		8F1713AD24AB3FAD009ACECA /* Stream.swift in Sources */ = {isa = PBXBuildFile; fileRef = 8F1713A924AB3FAD009ACECA /* Stream.swift */; };
		8F1713AE24AB3FAD009ACECA /* Stream.swift in Sources */ = {isa = PBXBuildFile; fileRef = 8F1713A924AB3FAD009ACECA /* Stream.swift */; };
		8F1713AF24AB3FAD009ACECA /* FairPlayConfiguration.swift in Sources */ = {isa = PBXBuildFile; fileRef = 8F1713AA24AB3FAD009ACECA /* FairPlayConfiguration.swift */; };
		8F1713B024AB3FAD009ACECA /* FairPlayConfiguration.swift in Sources */ = {isa = PBXBuildFile; fileRef = 8F1713AA24AB3FAD009ACECA /* FairPlayConfiguration.swift */; };
		8F54717224A37D8D008B31C2 /* BitmovinDrmViewController.swift in Sources */ = {isa = PBXBuildFile; fileRef = 8F54717124A37D8D008B31C2 /* BitmovinDrmViewController.swift */; };
		8FAA118924AA1D5A00F7922B /* AVFoundationDrmViewController.swift in Sources */ = {isa = PBXBuildFile; fileRef = 8FAA118824AA1D5A00F7922B /* AVFoundationDrmViewController.swift */; };
		91B61ACCA56C50A1E06AC1DB /* Pods_BitmovinAnalyticsCollector_Tests.framework in Frameworks */ = {isa = PBXBuildFile; fileRef = 4D05B6C5E9270B2AAD7EDA6B /* Pods_BitmovinAnalyticsCollector_Tests.framework */; };
		EC93565C2457F26A007B6F45 /* DebugBitmovinPlayerListener.swift in Sources */ = {isa = PBXBuildFile; fileRef = EC93565B2457F26A007B6F45 /* DebugBitmovinPlayerListener.swift */; };
/* End PBXBuildFile section */

/* Begin PBXContainerItemProxy section */
		247ADA8C256C149F00AF9A4F /* PBXContainerItemProxy */ = {
			isa = PBXContainerItemProxy;
			containerPortal = 607FACC81AFB9204008FA782 /* Project object */;
			proxyType = 1;
			remoteGlobalIDString = 607FACCF1AFB9204008FA782;
			remoteInfo = BitmovinAnalyticsCollector_Example;
		};
/* End PBXContainerItemProxy section */

/* Begin PBXFileReference section */
		010952B520EF22940010173A /* BitmovinAnalyticsCollector_tvOSExample.app */ = {isa = PBXFileReference; explicitFileType = wrapper.application; includeInIndex = 0; path = BitmovinAnalyticsCollector_tvOSExample.app; sourceTree = BUILT_PRODUCTS_DIR; };
		010952B720EF22940010173A /* AppDelegate.swift */ = {isa = PBXFileReference; lastKnownFileType = sourcecode.swift; path = AppDelegate.swift; sourceTree = "<group>"; };
		010952B920EF22940010173A /* ViewController.swift */ = {isa = PBXFileReference; lastKnownFileType = sourcecode.swift; path = ViewController.swift; sourceTree = "<group>"; };
		010952BC20EF22940010173A /* Base */ = {isa = PBXFileReference; lastKnownFileType = file.storyboard; name = Base; path = Base.lproj/Main.storyboard; sourceTree = "<group>"; };
		010952BE20EF22950010173A /* Assets.xcassets */ = {isa = PBXFileReference; lastKnownFileType = folder.assetcatalog; path = Assets.xcassets; sourceTree = "<group>"; };
		010952C020EF22950010173A /* Info.plist */ = {isa = PBXFileReference; lastKnownFileType = text.plist.xml; path = Info.plist; sourceTree = "<group>"; };
		011096082028C74C00A70D38 /* PlayerView.swift */ = {isa = PBXFileReference; fileEncoding = 4; lastKnownFileType = sourcecode.swift; path = PlayerView.swift; sourceTree = "<group>"; };
		0110960B2028C79000A70D38 /* Base */ = {isa = PBXFileReference; lastKnownFileType = file.storyboard; name = Base; path = Base.lproj/LaunchScreen.storyboard; sourceTree = "<group>"; };
		0110960D2028C7B800A70D38 /* Assets.xcassets */ = {isa = PBXFileReference; lastKnownFileType = folder.assetcatalog; path = Assets.xcassets; sourceTree = "<group>"; };
		0110960E2028C7B800A70D38 /* Images.xcassets */ = {isa = PBXFileReference; lastKnownFileType = folder.assetcatalog; path = Images.xcassets; sourceTree = "<group>"; };
		011096122028C82900A70D38 /* BitmovinAnalyticsCollector.framework */ = {isa = PBXFileReference; explicitFileType = wrapper.framework; path = BitmovinAnalyticsCollector.framework; sourceTree = BUILT_PRODUCTS_DIR; };
		011096142028C83E00A70D38 /* Pods_BitmovinAnalyticsCollector_Example.framework */ = {isa = PBXFileReference; explicitFileType = wrapper.framework; path = Pods_BitmovinAnalyticsCollector_Example.framework; sourceTree = BUILT_PRODUCTS_DIR; };
		01C26BE32083ED7B001A0D76 /* WelcomeViewController.swift */ = {isa = PBXFileReference; lastKnownFileType = sourcecode.swift; path = WelcomeViewController.swift; sourceTree = "<group>"; };
		01C26BE52083F14D001A0D76 /* BitmovinViewController.swift */ = {isa = PBXFileReference; lastKnownFileType = sourcecode.swift; path = BitmovinViewController.swift; sourceTree = "<group>"; };
		247ADA87256C149F00AF9A4F /* BitmovinAnalyticsCollector_Tests.xctest */ = {isa = PBXFileReference; explicitFileType = wrapper.cfbundle; includeInIndex = 0; path = BitmovinAnalyticsCollector_Tests.xctest; sourceTree = BUILT_PRODUCTS_DIR; };
		4D05B6C5E9270B2AAD7EDA6B /* Pods_BitmovinAnalyticsCollector_Tests.framework */ = {isa = PBXFileReference; explicitFileType = wrapper.framework; includeInIndex = 0; path = Pods_BitmovinAnalyticsCollector_Tests.framework; sourceTree = BUILT_PRODUCTS_DIR; };
		50BDD2BA49B6C287A5B1F940 /* Pods-BitmovinAnalyticsCollector_Example.debug.xcconfig */ = {isa = PBXFileReference; includeInIndex = 1; lastKnownFileType = text.xcconfig; name = "Pods-BitmovinAnalyticsCollector_Example.debug.xcconfig"; path = "Pods/Target Support Files/Pods-BitmovinAnalyticsCollector_Example/Pods-BitmovinAnalyticsCollector_Example.debug.xcconfig"; sourceTree = "<group>"; };
		607FACD01AFB9204008FA782 /* BitmovinAnalyticsCollector_Example.app */ = {isa = PBXFileReference; explicitFileType = wrapper.application; includeInIndex = 0; path = BitmovinAnalyticsCollector_Example.app; sourceTree = BUILT_PRODUCTS_DIR; };
		607FACD41AFB9204008FA782 /* Info.plist */ = {isa = PBXFileReference; lastKnownFileType = text.plist.xml; path = Info.plist; sourceTree = "<group>"; };
		607FACD51AFB9204008FA782 /* AppDelegate.swift */ = {isa = PBXFileReference; lastKnownFileType = sourcecode.swift; path = AppDelegate.swift; sourceTree = "<group>"; };
		607FACD71AFB9204008FA782 /* AVFoundationViewController.swift */ = {isa = PBXFileReference; lastKnownFileType = sourcecode.swift; path = AVFoundationViewController.swift; sourceTree = "<group>"; };
		607FACDA1AFB9204008FA782 /* Base */ = {isa = PBXFileReference; lastKnownFileType = file.storyboard; name = Base; path = Base.lproj/Main.storyboard; sourceTree = "<group>"; };
		67D7D3032E40EEFC258C6F8D /* README.md */ = {isa = PBXFileReference; includeInIndex = 1; lastKnownFileType = net.daringfireball.markdown; name = README.md; path = ../README.md; sourceTree = "<group>"; };
		6C25EC86D83FCAD97DE9E11C /* Pods-BitmovinAnalyticsCollector_Example.release.xcconfig */ = {isa = PBXFileReference; includeInIndex = 1; lastKnownFileType = text.xcconfig; name = "Pods-BitmovinAnalyticsCollector_Example.release.xcconfig"; path = "Pods/Target Support Files/Pods-BitmovinAnalyticsCollector_Example/Pods-BitmovinAnalyticsCollector_Example.release.xcconfig"; sourceTree = "<group>"; };
		76A4CC2782BA260CFC7363C9 /* BitmovinAnalyticsCollector.podspec */ = {isa = PBXFileReference; includeInIndex = 1; lastKnownFileType = text; name = BitmovinAnalyticsCollector.podspec; path = ../BitmovinAnalyticsCollector.podspec; sourceTree = "<group>"; xcLanguageSpecificationIdentifier = xcode.lang.ruby; };
		8F1713A524AB3D64009ACECA /* AssetResourceLoaderDelegate.swift */ = {isa = PBXFileReference; fileEncoding = 4; lastKnownFileType = sourcecode.swift; path = AssetResourceLoaderDelegate.swift; sourceTree = "<group>"; };
		8F1713A824AB3FAD009ACECA /* Asset.swift */ = {isa = PBXFileReference; fileEncoding = 4; lastKnownFileType = sourcecode.swift; path = Asset.swift; sourceTree = "<group>"; };
		8F1713A924AB3FAD009ACECA /* Stream.swift */ = {isa = PBXFileReference; fileEncoding = 4; lastKnownFileType = sourcecode.swift; path = Stream.swift; sourceTree = "<group>"; };
		8F1713AA24AB3FAD009ACECA /* FairPlayConfiguration.swift */ = {isa = PBXFileReference; fileEncoding = 4; lastKnownFileType = sourcecode.swift; path = FairPlayConfiguration.swift; sourceTree = "<group>"; };
		8F54717124A37D8D008B31C2 /* BitmovinDrmViewController.swift */ = {isa = PBXFileReference; lastKnownFileType = sourcecode.swift; path = BitmovinDrmViewController.swift; sourceTree = "<group>"; };
		8FAA118824AA1D5A00F7922B /* AVFoundationDrmViewController.swift */ = {isa = PBXFileReference; lastKnownFileType = sourcecode.swift; path = AVFoundationDrmViewController.swift; sourceTree = "<group>"; };
		9BE46B46332B0CC91790556A /* Pods-BitmovinAnalyticsCollector_tvOSExample.debug.xcconfig */ = {isa = PBXFileReference; includeInIndex = 1; lastKnownFileType = text.xcconfig; name = "Pods-BitmovinAnalyticsCollector_tvOSExample.debug.xcconfig"; path = "Pods/Target Support Files/Pods-BitmovinAnalyticsCollector_tvOSExample/Pods-BitmovinAnalyticsCollector_tvOSExample.debug.xcconfig"; sourceTree = "<group>"; };
		A13FCB967E22402182A70074 /* LICENSE */ = {isa = PBXFileReference; includeInIndex = 1; lastKnownFileType = text; name = LICENSE; path = ../LICENSE; sourceTree = "<group>"; };
		A5259519AF3901A6D7DCD80C /* Pods-BitmovinAnalyticsCollector_Tests.debug.xcconfig */ = {isa = PBXFileReference; includeInIndex = 1; lastKnownFileType = text.xcconfig; name = "Pods-BitmovinAnalyticsCollector_Tests.debug.xcconfig"; path = "Pods/Target Support Files/Pods-BitmovinAnalyticsCollector_Tests/Pods-BitmovinAnalyticsCollector_Tests.debug.xcconfig"; sourceTree = "<group>"; };
		AFC85A24DA6F22A0816D86DC /* Pods-BitmovinAnalyticsCollector_Tests.release.xcconfig */ = {isa = PBXFileReference; includeInIndex = 1; lastKnownFileType = text.xcconfig; name = "Pods-BitmovinAnalyticsCollector_Tests.release.xcconfig"; path = "Pods/Target Support Files/Pods-BitmovinAnalyticsCollector_Tests/Pods-BitmovinAnalyticsCollector_Tests.release.xcconfig"; sourceTree = "<group>"; };
		BFA47D64722F56ECC84F9EBC /* Pods_BitmovinAnalyticsCollector_Example.framework */ = {isa = PBXFileReference; explicitFileType = wrapper.framework; includeInIndex = 0; path = Pods_BitmovinAnalyticsCollector_Example.framework; sourceTree = BUILT_PRODUCTS_DIR; };
		D26E0639414C1849B0DDDC4B /* Pods-BitmovinAnalyticsCollector_tvOSExample.release.xcconfig */ = {isa = PBXFileReference; includeInIndex = 1; lastKnownFileType = text.xcconfig; name = "Pods-BitmovinAnalyticsCollector_tvOSExample.release.xcconfig"; path = "Pods/Target Support Files/Pods-BitmovinAnalyticsCollector_tvOSExample/Pods-BitmovinAnalyticsCollector_tvOSExample.release.xcconfig"; sourceTree = "<group>"; };
		D75FCEB6F320EC31EEBDD4B8 /* Pods_BitmovinAnalyticsCollector_tvOSExample.framework */ = {isa = PBXFileReference; explicitFileType = wrapper.framework; includeInIndex = 0; path = Pods_BitmovinAnalyticsCollector_tvOSExample.framework; sourceTree = BUILT_PRODUCTS_DIR; };
		EC93565B2457F26A007B6F45 /* DebugBitmovinPlayerListener.swift */ = {isa = PBXFileReference; lastKnownFileType = sourcecode.swift; path = DebugBitmovinPlayerListener.swift; sourceTree = "<group>"; };
/* End PBXFileReference section */

/* Begin PBXFrameworksBuildPhase section */
		010952B220EF22940010173A /* Frameworks */ = {
			isa = PBXFrameworksBuildPhase;
			buildActionMask = 2147483647;
			files = (
				2C4BD97ABED9D64D8F9ABDB5 /* Pods_BitmovinAnalyticsCollector_tvOSExample.framework in Frameworks */,
			);
			runOnlyForDeploymentPostprocessing = 0;
		};
		247ADA84256C149F00AF9A4F /* Frameworks */ = {
			isa = PBXFrameworksBuildPhase;
			buildActionMask = 2147483647;
			files = (
				91B61ACCA56C50A1E06AC1DB /* Pods_BitmovinAnalyticsCollector_Tests.framework in Frameworks */,
			);
			runOnlyForDeploymentPostprocessing = 0;
		};
		607FACCD1AFB9204008FA782 /* Frameworks */ = {
			isa = PBXFrameworksBuildPhase;
			buildActionMask = 2147483647;
			files = (
				011096132028C83E00A70D38 /* Pods_BitmovinAnalyticsCollector_Example.framework in Frameworks */,
			);
			runOnlyForDeploymentPostprocessing = 0;
		};
/* End PBXFrameworksBuildPhase section */

/* Begin PBXGroup section */
		010952B620EF22940010173A /* tvOS Example for BitmovinAnalyticsCollector */ = {
			isa = PBXGroup;
			children = (
				010952B720EF22940010173A /* AppDelegate.swift */,
				010952B920EF22940010173A /* ViewController.swift */,
				010952BB20EF22940010173A /* Main.storyboard */,
				010952BE20EF22950010173A /* Assets.xcassets */,
				010952C020EF22950010173A /* Info.plist */,
			);
			path = "tvOS Example for BitmovinAnalyticsCollector";
			sourceTree = "<group>";
		};
		247ADA88256C149F00AF9A4F /* BitmovinAnalyticsCollector Tests */ = {
			isa = PBXGroup;
			children = (
			);
			path = "BitmovinAnalyticsCollector Tests";
			sourceTree = "<group>";
		};
		607FACC71AFB9204008FA782 = {
			isa = PBXGroup;
			children = (
				607FACF51AFB993E008FA782 /* Podspec Metadata */,
				607FACD21AFB9204008FA782 /* iOS Example for BitmovinAnalyticsCollector */,
				010952B620EF22940010173A /* tvOS Example for BitmovinAnalyticsCollector */,
				247ADA88256C149F00AF9A4F /* BitmovinAnalyticsCollector Tests */,
				607FACD11AFB9204008FA782 /* Products */,
				B7AF69EE56B837676CE468B0 /* Pods */,
				E318837416DF6C69933327CB /* Frameworks */,
			);
			sourceTree = "<group>";
		};
		607FACD11AFB9204008FA782 /* Products */ = {
			isa = PBXGroup;
			children = (
				607FACD01AFB9204008FA782 /* BitmovinAnalyticsCollector_Example.app */,
				010952B520EF22940010173A /* BitmovinAnalyticsCollector_tvOSExample.app */,
				247ADA87256C149F00AF9A4F /* BitmovinAnalyticsCollector_Tests.xctest */,
			);
			name = Products;
			sourceTree = "<group>";
		};
		607FACD21AFB9204008FA782 /* iOS Example for BitmovinAnalyticsCollector */ = {
			isa = PBXGroup;
			children = (
				8F1713A424AB3D3F009ACECA /* AVFoundationDRMHelper */,
				0110960D2028C7B800A70D38 /* Assets.xcassets */,
				0110960E2028C7B800A70D38 /* Images.xcassets */,
				0110960A2028C79000A70D38 /* LaunchScreen.storyboard */,
				011096082028C74C00A70D38 /* PlayerView.swift */,
				607FACD51AFB9204008FA782 /* AppDelegate.swift */,
				607FACD71AFB9204008FA782 /* AVFoundationViewController.swift */,
				8FAA118824AA1D5A00F7922B /* AVFoundationDrmViewController.swift */,
				607FACD91AFB9204008FA782 /* Main.storyboard */,
				607FACD31AFB9204008FA782 /* Supporting Files */,
				01C26BE32083ED7B001A0D76 /* WelcomeViewController.swift */,
				01C26BE52083F14D001A0D76 /* BitmovinViewController.swift */,
				EC93565B2457F26A007B6F45 /* DebugBitmovinPlayerListener.swift */,
				8F54717124A37D8D008B31C2 /* BitmovinDrmViewController.swift */,
			);
			name = "iOS Example for BitmovinAnalyticsCollector";
			path = BitmovinAnalyticsCollector;
			sourceTree = "<group>";
		};
		607FACD31AFB9204008FA782 /* Supporting Files */ = {
			isa = PBXGroup;
			children = (
				607FACD41AFB9204008FA782 /* Info.plist */,
			);
			name = "Supporting Files";
			sourceTree = "<group>";
		};
		607FACF51AFB993E008FA782 /* Podspec Metadata */ = {
			isa = PBXGroup;
			children = (
				76A4CC2782BA260CFC7363C9 /* BitmovinAnalyticsCollector.podspec */,
				67D7D3032E40EEFC258C6F8D /* README.md */,
				A13FCB967E22402182A70074 /* LICENSE */,
			);
			name = "Podspec Metadata";
			sourceTree = "<group>";
		};
		8F1713A424AB3D3F009ACECA /* AVFoundationDRMHelper */ = {
			isa = PBXGroup;
			children = (
				8F1713A824AB3FAD009ACECA /* Asset.swift */,
				8F1713AA24AB3FAD009ACECA /* FairPlayConfiguration.swift */,
				8F1713A924AB3FAD009ACECA /* Stream.swift */,
				8F1713A524AB3D64009ACECA /* AssetResourceLoaderDelegate.swift */,
			);
			path = AVFoundationDRMHelper;
			sourceTree = "<group>";
		};
		B7AF69EE56B837676CE468B0 /* Pods */ = {
			isa = PBXGroup;
			children = (
				50BDD2BA49B6C287A5B1F940 /* Pods-BitmovinAnalyticsCollector_Example.debug.xcconfig */,
				6C25EC86D83FCAD97DE9E11C /* Pods-BitmovinAnalyticsCollector_Example.release.xcconfig */,
				9BE46B46332B0CC91790556A /* Pods-BitmovinAnalyticsCollector_tvOSExample.debug.xcconfig */,
				D26E0639414C1849B0DDDC4B /* Pods-BitmovinAnalyticsCollector_tvOSExample.release.xcconfig */,
				A5259519AF3901A6D7DCD80C /* Pods-BitmovinAnalyticsCollector_Tests.debug.xcconfig */,
				AFC85A24DA6F22A0816D86DC /* Pods-BitmovinAnalyticsCollector_Tests.release.xcconfig */,
			);
			name = Pods;
			sourceTree = "<group>";
		};
		E318837416DF6C69933327CB /* Frameworks */ = {
			isa = PBXGroup;
			children = (
				011096142028C83E00A70D38 /* Pods_BitmovinAnalyticsCollector_Example.framework */,
				011096122028C82900A70D38 /* BitmovinAnalyticsCollector.framework */,
				BFA47D64722F56ECC84F9EBC /* Pods_BitmovinAnalyticsCollector_Example.framework */,
				4D05B6C5E9270B2AAD7EDA6B /* Pods_BitmovinAnalyticsCollector_Tests.framework */,
				D75FCEB6F320EC31EEBDD4B8 /* Pods_BitmovinAnalyticsCollector_tvOSExample.framework */,
			);
			name = Frameworks;
			sourceTree = "<group>";
		};
/* End PBXGroup section */

/* Begin PBXNativeTarget section */
		010952B420EF22940010173A /* BitmovinAnalyticsCollector_tvOSExample */ = {
			isa = PBXNativeTarget;
			buildConfigurationList = 010952C320EF22950010173A /* Build configuration list for PBXNativeTarget "BitmovinAnalyticsCollector_tvOSExample" */;
			buildPhases = (
				CC21A438A5C1517EA9C1D977 /* [CP] Check Pods Manifest.lock */,
				010952B120EF22940010173A /* Sources */,
				010952B220EF22940010173A /* Frameworks */,
				010952B320EF22940010173A /* Resources */,
				62B7FE3E58C31866B9EE80FD /* [CP] Embed Pods Frameworks */,
			);
			buildRules = (
			);
			dependencies = (
			);
			name = BitmovinAnalyticsCollector_tvOSExample;
			productName = BitmovinAnalyticsCollector_tvOSExample;
			productReference = 010952B520EF22940010173A /* BitmovinAnalyticsCollector_tvOSExample.app */;
			productType = "com.apple.product-type.application";
		};
		247ADA86256C149F00AF9A4F /* BitmovinAnalyticsCollector_Tests */ = {
			isa = PBXNativeTarget;
			buildConfigurationList = 247ADA90256C149F00AF9A4F /* Build configuration list for PBXNativeTarget "BitmovinAnalyticsCollector_Tests" */;
			buildPhases = (
				3F543D24ED1B432A81CB2381 /* [CP] Check Pods Manifest.lock */,
				247ADA83256C149F00AF9A4F /* Sources */,
				247ADA84256C149F00AF9A4F /* Frameworks */,
				247ADA85256C149F00AF9A4F /* Resources */,
				EBE0F22803543F2A53F43472 /* [CP] Embed Pods Frameworks */,
			);
			buildRules = (
			);
			dependencies = (
				247ADA8D256C149F00AF9A4F /* PBXTargetDependency */,
			);
			name = BitmovinAnalyticsCollector_Tests;
			productName = BitmovinAnalyticsCollector_Tests;
			productReference = 247ADA87256C149F00AF9A4F /* BitmovinAnalyticsCollector_Tests.xctest */;
			productType = "com.apple.product-type.bundle.unit-test";
		};
		607FACCF1AFB9204008FA782 /* BitmovinAnalyticsCollector_Example */ = {
			isa = PBXNativeTarget;
			buildConfigurationList = 607FACEF1AFB9204008FA782 /* Build configuration list for PBXNativeTarget "BitmovinAnalyticsCollector_Example" */;
			buildPhases = (
				4246948592BCBCC93C4F1F86 /* [CP] Check Pods Manifest.lock */,
				607FACCC1AFB9204008FA782 /* Sources */,
				607FACCD1AFB9204008FA782 /* Frameworks */,
				607FACCE1AFB9204008FA782 /* Resources */,
				65039E948B72CDEB2F1B8B80 /* [CP] Embed Pods Frameworks */,
			);
			buildRules = (
			);
			dependencies = (
			);
			name = BitmovinAnalyticsCollector_Example;
			productName = BitmovinAnalyticsCollector;
			productReference = 607FACD01AFB9204008FA782 /* BitmovinAnalyticsCollector_Example.app */;
			productType = "com.apple.product-type.application";
		};
/* End PBXNativeTarget section */

/* Begin PBXProject section */
		607FACC81AFB9204008FA782 /* Project object */ = {
			isa = PBXProject;
			attributes = {
				LastSwiftUpdateCheck = 1200;
				LastUpgradeCheck = 1020;
				ORGANIZATIONNAME = CocoaPods;
				TargetAttributes = {
					010952B420EF22940010173A = {
						CreatedOnToolsVersion = 9.4.1;
						DevelopmentTeam = BR5V5F75MC;
						LastSwiftMigration = 1020;
						ProvisioningStyle = Automatic;
					};
					247ADA86256C149F00AF9A4F = {
						CreatedOnToolsVersion = 12.0.1;
						ProvisioningStyle = Automatic;
					};
					607FACCF1AFB9204008FA782 = {
						CreatedOnToolsVersion = 6.3.1;
						DevelopmentTeam = BR5V5F75MC;
						LastSwiftMigration = 1020;
					};
				};
			};
			buildConfigurationList = 607FACCB1AFB9204008FA782 /* Build configuration list for PBXProject "BitmovinAnalyticsCollector" */;
			compatibilityVersion = "Xcode 3.2";
			developmentRegion = en;
			hasScannedForEncodings = 0;
			knownRegions = (
				en,
				Base,
			);
			mainGroup = 607FACC71AFB9204008FA782;
			productRefGroup = 607FACD11AFB9204008FA782 /* Products */;
			projectDirPath = "";
			projectRoot = "";
			targets = (
				607FACCF1AFB9204008FA782 /* BitmovinAnalyticsCollector_Example */,
				010952B420EF22940010173A /* BitmovinAnalyticsCollector_tvOSExample */,
				247ADA86256C149F00AF9A4F /* BitmovinAnalyticsCollector_Tests */,
			);
		};
/* End PBXProject section */

/* Begin PBXResourcesBuildPhase section */
		010952B320EF22940010173A /* Resources */ = {
			isa = PBXResourcesBuildPhase;
			buildActionMask = 2147483647;
			files = (
				010952BF20EF22950010173A /* Assets.xcassets in Resources */,
				010952BD20EF22940010173A /* Main.storyboard in Resources */,
			);
			runOnlyForDeploymentPostprocessing = 0;
		};
		247ADA85256C149F00AF9A4F /* Resources */ = {
			isa = PBXResourcesBuildPhase;
			buildActionMask = 2147483647;
			files = (
			);
			runOnlyForDeploymentPostprocessing = 0;
		};
		607FACCE1AFB9204008FA782 /* Resources */ = {
			isa = PBXResourcesBuildPhase;
			buildActionMask = 2147483647;
			files = (
				0110960C2028C79000A70D38 /* LaunchScreen.storyboard in Resources */,
				011096102028C7B800A70D38 /* Images.xcassets in Resources */,
				607FACDB1AFB9204008FA782 /* Main.storyboard in Resources */,
				0110960F2028C7B800A70D38 /* Assets.xcassets in Resources */,
			);
			runOnlyForDeploymentPostprocessing = 0;
		};
/* End PBXResourcesBuildPhase section */

/* Begin PBXShellScriptBuildPhase section */
		3F543D24ED1B432A81CB2381 /* [CP] Check Pods Manifest.lock */ = {
			isa = PBXShellScriptBuildPhase;
			buildActionMask = 2147483647;
			files = (
			);
			inputFileListPaths = (
			);
			inputPaths = (
				"${PODS_PODFILE_DIR_PATH}/Podfile.lock",
				"${PODS_ROOT}/Manifest.lock",
			);
			name = "[CP] Check Pods Manifest.lock";
			outputFileListPaths = (
			);
			outputPaths = (
				"$(DERIVED_FILE_DIR)/Pods-BitmovinAnalyticsCollector_Tests-checkManifestLockResult.txt",
			);
			runOnlyForDeploymentPostprocessing = 0;
			shellPath = /bin/sh;
			shellScript = "diff \"${PODS_PODFILE_DIR_PATH}/Podfile.lock\" \"${PODS_ROOT}/Manifest.lock\" > /dev/null\nif [ $? != 0 ] ; then\n    # print error to STDERR\n    echo \"error: The sandbox is not in sync with the Podfile.lock. Run 'pod install' or update your CocoaPods installation.\" >&2\n    exit 1\nfi\n# This output is used by Xcode 'outputs' to avoid re-running this script phase.\necho \"SUCCESS\" > \"${SCRIPT_OUTPUT_FILE_0}\"\n";
			showEnvVarsInLog = 0;
		};
		4246948592BCBCC93C4F1F86 /* [CP] Check Pods Manifest.lock */ = {
			isa = PBXShellScriptBuildPhase;
			buildActionMask = 2147483647;
			files = (
			);
			inputPaths = (
				"${PODS_PODFILE_DIR_PATH}/Podfile.lock",
				"${PODS_ROOT}/Manifest.lock",
			);
			name = "[CP] Check Pods Manifest.lock";
			outputPaths = (
				"$(DERIVED_FILE_DIR)/Pods-BitmovinAnalyticsCollector_Example-checkManifestLockResult.txt",
			);
			runOnlyForDeploymentPostprocessing = 0;
			shellPath = /bin/sh;
			shellScript = "diff \"${PODS_PODFILE_DIR_PATH}/Podfile.lock\" \"${PODS_ROOT}/Manifest.lock\" > /dev/null\nif [ $? != 0 ] ; then\n    # print error to STDERR\n    echo \"error: The sandbox is not in sync with the Podfile.lock. Run 'pod install' or update your CocoaPods installation.\" >&2\n    exit 1\nfi\n# This output is used by Xcode 'outputs' to avoid re-running this script phase.\necho \"SUCCESS\" > \"${SCRIPT_OUTPUT_FILE_0}\"\n";
			showEnvVarsInLog = 0;
		};
		62B7FE3E58C31866B9EE80FD /* [CP] Embed Pods Frameworks */ = {
			isa = PBXShellScriptBuildPhase;
			buildActionMask = 2147483647;
			files = (
			);
			inputPaths = (
				"${PODS_ROOT}/Target Support Files/Pods-BitmovinAnalyticsCollector_tvOSExample/Pods-BitmovinAnalyticsCollector_tvOSExample-frameworks.sh",
				"${BUILT_PRODUCTS_DIR}/BitmovinAnalyticsCollector-tvOS/BitmovinAnalyticsCollector.framework",
				"${PODS_ROOT}/BitmovinPlayer/BitmovinPlayer/tvOS/BitmovinPlayer.framework",
			);
			name = "[CP] Embed Pods Frameworks";
			outputPaths = (
				"${TARGET_BUILD_DIR}/${FRAMEWORKS_FOLDER_PATH}/BitmovinAnalyticsCollector.framework",
				"${TARGET_BUILD_DIR}/${FRAMEWORKS_FOLDER_PATH}/BitmovinPlayer.framework",
			);
			runOnlyForDeploymentPostprocessing = 0;
			shellPath = /bin/sh;
			shellScript = "\"${PODS_ROOT}/Target Support Files/Pods-BitmovinAnalyticsCollector_tvOSExample/Pods-BitmovinAnalyticsCollector_tvOSExample-frameworks.sh\"\n";
			showEnvVarsInLog = 0;
		};
		65039E948B72CDEB2F1B8B80 /* [CP] Embed Pods Frameworks */ = {
			isa = PBXShellScriptBuildPhase;
			buildActionMask = 2147483647;
			files = (
			);
			inputPaths = (
				"${PODS_ROOT}/Target Support Files/Pods-BitmovinAnalyticsCollector_Example/Pods-BitmovinAnalyticsCollector_Example-frameworks.sh",
				"${BUILT_PRODUCTS_DIR}/BitmovinAnalyticsCollector-iOS/BitmovinAnalyticsCollector.framework",
				"${PODS_ROOT}/BitmovinPlayer/BitmovinPlayer/iOS/BitmovinPlayer.framework",
				"${PODS_ROOT}/GoogleAds-IMA-iOS-SDK/GoogleInteractiveMediaAds.framework",
			);
			name = "[CP] Embed Pods Frameworks";
			outputPaths = (
				"${TARGET_BUILD_DIR}/${FRAMEWORKS_FOLDER_PATH}/BitmovinAnalyticsCollector.framework",
				"${TARGET_BUILD_DIR}/${FRAMEWORKS_FOLDER_PATH}/BitmovinPlayer.framework",
				"${TARGET_BUILD_DIR}/${FRAMEWORKS_FOLDER_PATH}/GoogleInteractiveMediaAds.framework",
			);
			runOnlyForDeploymentPostprocessing = 0;
			shellPath = /bin/sh;
			shellScript = "\"${PODS_ROOT}/Target Support Files/Pods-BitmovinAnalyticsCollector_Example/Pods-BitmovinAnalyticsCollector_Example-frameworks.sh\"\n";
			showEnvVarsInLog = 0;
		};
		CC21A438A5C1517EA9C1D977 /* [CP] Check Pods Manifest.lock */ = {
			isa = PBXShellScriptBuildPhase;
			buildActionMask = 2147483647;
			files = (
			);
			inputPaths = (
				"${PODS_PODFILE_DIR_PATH}/Podfile.lock",
				"${PODS_ROOT}/Manifest.lock",
			);
			name = "[CP] Check Pods Manifest.lock";
			outputPaths = (
				"$(DERIVED_FILE_DIR)/Pods-BitmovinAnalyticsCollector_tvOSExample-checkManifestLockResult.txt",
			);
			runOnlyForDeploymentPostprocessing = 0;
			shellPath = /bin/sh;
			shellScript = "diff \"${PODS_PODFILE_DIR_PATH}/Podfile.lock\" \"${PODS_ROOT}/Manifest.lock\" > /dev/null\nif [ $? != 0 ] ; then\n    # print error to STDERR\n    echo \"error: The sandbox is not in sync with the Podfile.lock. Run 'pod install' or update your CocoaPods installation.\" >&2\n    exit 1\nfi\n# This output is used by Xcode 'outputs' to avoid re-running this script phase.\necho \"SUCCESS\" > \"${SCRIPT_OUTPUT_FILE_0}\"\n";
			showEnvVarsInLog = 0;
		};
		EBE0F22803543F2A53F43472 /* [CP] Embed Pods Frameworks */ = {
			isa = PBXShellScriptBuildPhase;
			buildActionMask = 2147483647;
			files = (
			);
			inputPaths = (
				"${PODS_ROOT}/Target Support Files/Pods-BitmovinAnalyticsCollector_Tests/Pods-BitmovinAnalyticsCollector_Tests-frameworks.sh",
				"${BUILT_PRODUCTS_DIR}/BitmovinAnalyticsCollector-iOS/BitmovinAnalyticsCollector.framework",
				"${PODS_ROOT}/BitmovinPlayer/BitmovinPlayer/iOS/BitmovinPlayer.framework",
			);
			name = "[CP] Embed Pods Frameworks";
			outputPaths = (
				"${TARGET_BUILD_DIR}/${FRAMEWORKS_FOLDER_PATH}/BitmovinAnalyticsCollector.framework",
				"${TARGET_BUILD_DIR}/${FRAMEWORKS_FOLDER_PATH}/BitmovinPlayer.framework",
			);
			runOnlyForDeploymentPostprocessing = 0;
			shellPath = /bin/sh;
			shellScript = "\"${PODS_ROOT}/Target Support Files/Pods-BitmovinAnalyticsCollector_Tests/Pods-BitmovinAnalyticsCollector_Tests-frameworks.sh\"\n";
			showEnvVarsInLog = 0;
		};
/* End PBXShellScriptBuildPhase section */

/* Begin PBXSourcesBuildPhase section */
		010952B120EF22940010173A /* Sources */ = {
			isa = PBXSourcesBuildPhase;
			buildActionMask = 2147483647;
			files = (
				010952BA20EF22940010173A /* ViewController.swift in Sources */,
				8F1713AE24AB3FAD009ACECA /* Stream.swift in Sources */,
				010952B820EF22940010173A /* AppDelegate.swift in Sources */,
				8F1713B024AB3FAD009ACECA /* FairPlayConfiguration.swift in Sources */,
				8F1713AC24AB3FAD009ACECA /* Asset.swift in Sources */,
				8F1713A724AB3D64009ACECA /* AssetResourceLoaderDelegate.swift in Sources */,
			);
			runOnlyForDeploymentPostprocessing = 0;
		};
		247ADA83256C149F00AF9A4F /* Sources */ = {
			isa = PBXSourcesBuildPhase;
			buildActionMask = 2147483647;
			files = (
			);
			runOnlyForDeploymentPostprocessing = 0;
		};
		607FACCC1AFB9204008FA782 /* Sources */ = {
			isa = PBXSourcesBuildPhase;
			buildActionMask = 2147483647;
			files = (
				8F1713AD24AB3FAD009ACECA /* Stream.swift in Sources */,
				011096092028C74C00A70D38 /* PlayerView.swift in Sources */,
				01C26BE42083ED7B001A0D76 /* WelcomeViewController.swift in Sources */,
				8F1713AB24AB3FAD009ACECA /* Asset.swift in Sources */,
				607FACD81AFB9204008FA782 /* AVFoundationViewController.swift in Sources */,
				607FACD61AFB9204008FA782 /* AppDelegate.swift in Sources */,
				8F1713AF24AB3FAD009ACECA /* FairPlayConfiguration.swift in Sources */,
				EC93565C2457F26A007B6F45 /* DebugBitmovinPlayerListener.swift in Sources */,
				8F1713A624AB3D64009ACECA /* AssetResourceLoaderDelegate.swift in Sources */,
				01C26BE62083F14D001A0D76 /* BitmovinViewController.swift in Sources */,
				8FAA118924AA1D5A00F7922B /* AVFoundationDrmViewController.swift in Sources */,
				8F54717224A37D8D008B31C2 /* BitmovinDrmViewController.swift in Sources */,
			);
			runOnlyForDeploymentPostprocessing = 0;
		};
/* End PBXSourcesBuildPhase section */

/* Begin PBXTargetDependency section */
		247ADA8D256C149F00AF9A4F /* PBXTargetDependency */ = {
			isa = PBXTargetDependency;
			target = 607FACCF1AFB9204008FA782 /* BitmovinAnalyticsCollector_Example */;
			targetProxy = 247ADA8C256C149F00AF9A4F /* PBXContainerItemProxy */;
		};
/* End PBXTargetDependency section */

/* Begin PBXVariantGroup section */
		010952BB20EF22940010173A /* Main.storyboard */ = {
			isa = PBXVariantGroup;
			children = (
				010952BC20EF22940010173A /* Base */,
			);
			name = Main.storyboard;
			sourceTree = "<group>";
		};
		0110960A2028C79000A70D38 /* LaunchScreen.storyboard */ = {
			isa = PBXVariantGroup;
			children = (
				0110960B2028C79000A70D38 /* Base */,
			);
			name = LaunchScreen.storyboard;
			sourceTree = "<group>";
		};
		607FACD91AFB9204008FA782 /* Main.storyboard */ = {
			isa = PBXVariantGroup;
			children = (
				607FACDA1AFB9204008FA782 /* Base */,
			);
			name = Main.storyboard;
			sourceTree = "<group>";
		};
/* End PBXVariantGroup section */

/* Begin XCBuildConfiguration section */
		010952C120EF22950010173A /* Debug */ = {
			isa = XCBuildConfiguration;
			baseConfigurationReference = 9BE46B46332B0CC91790556A /* Pods-BitmovinAnalyticsCollector_tvOSExample.debug.xcconfig */;
			buildSettings = {
				ASSETCATALOG_COMPILER_APPICON_NAME = "App Icon & Top Shelf Image";
				ASSETCATALOG_COMPILER_LAUNCHIMAGE_NAME = LaunchImage;
				CLANG_ANALYZER_NONNULL = YES;
				CLANG_ANALYZER_NUMBER_OBJECT_CONVERSION = YES_AGGRESSIVE;
				CLANG_CXX_LANGUAGE_STANDARD = "gnu++14";
				CLANG_ENABLE_OBJC_WEAK = YES;
				CLANG_WARN_DEPRECATED_OBJC_IMPLEMENTATIONS = YES;
				CLANG_WARN_DOCUMENTATION_COMMENTS = YES;
				CLANG_WARN_OBJC_IMPLICIT_RETAIN_SELF = YES;
				CLANG_WARN_UNGUARDED_AVAILABILITY = YES_AGGRESSIVE;
				CODE_SIGN_STYLE = Automatic;
				DEBUG_INFORMATION_FORMAT = dwarf;
				DEVELOPMENT_TEAM = BR5V5F75MC;
				GCC_C_LANGUAGE_STANDARD = gnu11;
				INFOPLIST_FILE = "tvOS Example for BitmovinAnalyticsCollector/Info.plist";
				LD_RUNPATH_SEARCH_PATHS = "$(inherited) @executable_path/Frameworks";
				PRODUCT_BUNDLE_IDENTIFIER = "org.cocoapods.bitmovin.demo.BitmovinAnalyticsCollector-tvOSExample";
				PRODUCT_NAME = "$(TARGET_NAME)";
				SDKROOT = appletvos;
				SWIFT_ACTIVE_COMPILATION_CONDITIONS = DEBUG;
				SWIFT_VERSION = 5.0;
				TARGETED_DEVICE_FAMILY = 3;
				TVOS_DEPLOYMENT_TARGET = 11.4;
			};
			name = Debug;
		};
		010952C220EF22950010173A /* Release */ = {
			isa = XCBuildConfiguration;
			baseConfigurationReference = D26E0639414C1849B0DDDC4B /* Pods-BitmovinAnalyticsCollector_tvOSExample.release.xcconfig */;
			buildSettings = {
				ASSETCATALOG_COMPILER_APPICON_NAME = "App Icon & Top Shelf Image";
				ASSETCATALOG_COMPILER_LAUNCHIMAGE_NAME = LaunchImage;
				CLANG_ANALYZER_NONNULL = YES;
				CLANG_ANALYZER_NUMBER_OBJECT_CONVERSION = YES_AGGRESSIVE;
				CLANG_CXX_LANGUAGE_STANDARD = "gnu++14";
				CLANG_ENABLE_OBJC_WEAK = YES;
				CLANG_WARN_DEPRECATED_OBJC_IMPLEMENTATIONS = YES;
				CLANG_WARN_DOCUMENTATION_COMMENTS = YES;
				CLANG_WARN_OBJC_IMPLICIT_RETAIN_SELF = YES;
				CLANG_WARN_UNGUARDED_AVAILABILITY = YES_AGGRESSIVE;
				CODE_SIGN_STYLE = Automatic;
				DEVELOPMENT_TEAM = BR5V5F75MC;
				GCC_C_LANGUAGE_STANDARD = gnu11;
				INFOPLIST_FILE = "tvOS Example for BitmovinAnalyticsCollector/Info.plist";
				LD_RUNPATH_SEARCH_PATHS = "$(inherited) @executable_path/Frameworks";
				PRODUCT_BUNDLE_IDENTIFIER = "org.cocoapods.bitmovin.demo.BitmovinAnalyticsCollector-tvOSExample";
				PRODUCT_NAME = "$(TARGET_NAME)";
				SDKROOT = appletvos;
				SWIFT_VERSION = 5.0;
				TARGETED_DEVICE_FAMILY = 3;
				TVOS_DEPLOYMENT_TARGET = 11.4;
			};
			name = Release;
		};
		247ADA8E256C149F00AF9A4F /* Debug */ = {
			isa = XCBuildConfiguration;
			baseConfigurationReference = A5259519AF3901A6D7DCD80C /* Pods-BitmovinAnalyticsCollector_Tests.debug.xcconfig */;
			buildSettings = {
				CLANG_ANALYZER_NONNULL = YES;
				CLANG_ANALYZER_NUMBER_OBJECT_CONVERSION = YES_AGGRESSIVE;
				CLANG_CXX_LANGUAGE_STANDARD = "gnu++14";
				CLANG_ENABLE_OBJC_WEAK = YES;
				CLANG_WARN_DOCUMENTATION_COMMENTS = YES;
				CLANG_WARN_QUOTED_INCLUDE_IN_FRAMEWORK_HEADER = YES;
				CLANG_WARN_UNGUARDED_AVAILABILITY = YES_AGGRESSIVE;
				CODE_SIGN_STYLE = Automatic;
				DEBUG_INFORMATION_FORMAT = dwarf;
				GCC_C_LANGUAGE_STANDARD = gnu11;
				INFOPLIST_FILE = BitmovinAnalyticsCollector_Tests/Info.plist;
				IPHONEOS_DEPLOYMENT_TARGET = 14.0;
				LD_RUNPATH_SEARCH_PATHS = "$(inherited) @executable_path/Frameworks @loader_path/Frameworks";
				MTL_ENABLE_DEBUG_INFO = INCLUDE_SOURCE;
				MTL_FAST_MATH = YES;
				PRODUCT_BUNDLE_IDENTIFIER = "com.bitmovin.analytics.BitmovinAnalyticsCollector-Tests";
				PRODUCT_NAME = "$(TARGET_NAME)";
				SWIFT_ACTIVE_COMPILATION_CONDITIONS = DEBUG;
				SWIFT_VERSION = 5.0;
				TARGETED_DEVICE_FAMILY = "1,2";
			};
			name = Debug;
		};
		247ADA8F256C149F00AF9A4F /* Release */ = {
			isa = XCBuildConfiguration;
			baseConfigurationReference = AFC85A24DA6F22A0816D86DC /* Pods-BitmovinAnalyticsCollector_Tests.release.xcconfig */;
			buildSettings = {
				CLANG_ANALYZER_NONNULL = YES;
				CLANG_ANALYZER_NUMBER_OBJECT_CONVERSION = YES_AGGRESSIVE;
				CLANG_CXX_LANGUAGE_STANDARD = "gnu++14";
				CLANG_ENABLE_OBJC_WEAK = YES;
				CLANG_WARN_DOCUMENTATION_COMMENTS = YES;
				CLANG_WARN_QUOTED_INCLUDE_IN_FRAMEWORK_HEADER = YES;
				CLANG_WARN_UNGUARDED_AVAILABILITY = YES_AGGRESSIVE;
				CODE_SIGN_STYLE = Automatic;
				GCC_C_LANGUAGE_STANDARD = gnu11;
				INFOPLIST_FILE = BitmovinAnalyticsCollector_Tests/Info.plist;
				IPHONEOS_DEPLOYMENT_TARGET = 14.0;
				LD_RUNPATH_SEARCH_PATHS = "$(inherited) @executable_path/Frameworks @loader_path/Frameworks";
				MTL_FAST_MATH = YES;
				PRODUCT_BUNDLE_IDENTIFIER = "com.bitmovin.analytics.BitmovinAnalyticsCollector-Tests";
				PRODUCT_NAME = "$(TARGET_NAME)";
				SWIFT_VERSION = 5.0;
				TARGETED_DEVICE_FAMILY = "1,2";
			};
			name = Release;
		};
		607FACED1AFB9204008FA782 /* Debug */ = {
			isa = XCBuildConfiguration;
			buildSettings = {
				ALWAYS_SEARCH_USER_PATHS = NO;
				CLANG_ANALYZER_LOCALIZABILITY_NONLOCALIZED = YES;
				CLANG_CXX_LANGUAGE_STANDARD = "gnu++0x";
				CLANG_CXX_LIBRARY = "libc++";
				CLANG_ENABLE_MODULES = YES;
				CLANG_ENABLE_OBJC_ARC = YES;
				CLANG_WARN_BLOCK_CAPTURE_AUTORELEASING = YES;
				CLANG_WARN_BOOL_CONVERSION = YES;
				CLANG_WARN_COMMA = YES;
				CLANG_WARN_CONSTANT_CONVERSION = YES;
				CLANG_WARN_DEPRECATED_OBJC_IMPLEMENTATIONS = YES;
				CLANG_WARN_DIRECT_OBJC_ISA_USAGE = YES_ERROR;
				CLANG_WARN_EMPTY_BODY = YES;
				CLANG_WARN_ENUM_CONVERSION = YES;
				CLANG_WARN_INFINITE_RECURSION = YES;
				CLANG_WARN_INT_CONVERSION = YES;
				CLANG_WARN_NON_LITERAL_NULL_CONVERSION = YES;
				CLANG_WARN_OBJC_IMPLICIT_RETAIN_SELF = YES;
				CLANG_WARN_OBJC_LITERAL_CONVERSION = YES;
				CLANG_WARN_OBJC_ROOT_CLASS = YES_ERROR;
				CLANG_WARN_RANGE_LOOP_ANALYSIS = YES;
				CLANG_WARN_STRICT_PROTOTYPES = YES;
				CLANG_WARN_SUSPICIOUS_MOVE = YES;
				CLANG_WARN_UNREACHABLE_CODE = YES;
				CLANG_WARN__DUPLICATE_METHOD_MATCH = YES;
				"CODE_SIGN_IDENTITY[sdk=iphoneos*]" = "iPhone Developer";
				COPY_PHASE_STRIP = NO;
				DEBUG_INFORMATION_FORMAT = "dwarf-with-dsym";
				ENABLE_STRICT_OBJC_MSGSEND = YES;
				ENABLE_TESTABILITY = YES;
				GCC_C_LANGUAGE_STANDARD = gnu99;
				GCC_DYNAMIC_NO_PIC = NO;
				GCC_NO_COMMON_BLOCKS = YES;
				GCC_OPTIMIZATION_LEVEL = 0;
				GCC_PREPROCESSOR_DEFINITIONS = (
					"DEBUG=1",
					"$(inherited)",
				);
				GCC_SYMBOLS_PRIVATE_EXTERN = NO;
				GCC_WARN_64_TO_32_BIT_CONVERSION = YES;
				GCC_WARN_ABOUT_RETURN_TYPE = YES_ERROR;
				GCC_WARN_UNDECLARED_SELECTOR = YES;
				GCC_WARN_UNINITIALIZED_AUTOS = YES_AGGRESSIVE;
				GCC_WARN_UNUSED_FUNCTION = YES;
				GCC_WARN_UNUSED_VARIABLE = YES;
				IPHONEOS_DEPLOYMENT_TARGET = 9.0;
				MTL_ENABLE_DEBUG_INFO = YES;
				ONLY_ACTIVE_ARCH = YES;
				SDKROOT = iphoneos;
				SWIFT_OPTIMIZATION_LEVEL = "-Onone";
			};
			name = Debug;
		};
		607FACEE1AFB9204008FA782 /* Release */ = {
			isa = XCBuildConfiguration;
			buildSettings = {
				ALWAYS_SEARCH_USER_PATHS = NO;
				CLANG_ANALYZER_LOCALIZABILITY_NONLOCALIZED = YES;
				CLANG_CXX_LANGUAGE_STANDARD = "gnu++0x";
				CLANG_CXX_LIBRARY = "libc++";
				CLANG_ENABLE_MODULES = YES;
				CLANG_ENABLE_OBJC_ARC = YES;
				CLANG_WARN_BLOCK_CAPTURE_AUTORELEASING = YES;
				CLANG_WARN_BOOL_CONVERSION = YES;
				CLANG_WARN_COMMA = YES;
				CLANG_WARN_CONSTANT_CONVERSION = YES;
				CLANG_WARN_DEPRECATED_OBJC_IMPLEMENTATIONS = YES;
				CLANG_WARN_DIRECT_OBJC_ISA_USAGE = YES_ERROR;
				CLANG_WARN_EMPTY_BODY = YES;
				CLANG_WARN_ENUM_CONVERSION = YES;
				CLANG_WARN_INFINITE_RECURSION = YES;
				CLANG_WARN_INT_CONVERSION = YES;
				CLANG_WARN_NON_LITERAL_NULL_CONVERSION = YES;
				CLANG_WARN_OBJC_IMPLICIT_RETAIN_SELF = YES;
				CLANG_WARN_OBJC_LITERAL_CONVERSION = YES;
				CLANG_WARN_OBJC_ROOT_CLASS = YES_ERROR;
				CLANG_WARN_RANGE_LOOP_ANALYSIS = YES;
				CLANG_WARN_STRICT_PROTOTYPES = YES;
				CLANG_WARN_SUSPICIOUS_MOVE = YES;
				CLANG_WARN_UNREACHABLE_CODE = YES;
				CLANG_WARN__DUPLICATE_METHOD_MATCH = YES;
				"CODE_SIGN_IDENTITY[sdk=iphoneos*]" = "iPhone Developer";
				COPY_PHASE_STRIP = NO;
				DEBUG_INFORMATION_FORMAT = "dwarf-with-dsym";
				ENABLE_NS_ASSERTIONS = NO;
				ENABLE_STRICT_OBJC_MSGSEND = YES;
				GCC_C_LANGUAGE_STANDARD = gnu99;
				GCC_NO_COMMON_BLOCKS = YES;
				GCC_WARN_64_TO_32_BIT_CONVERSION = YES;
				GCC_WARN_ABOUT_RETURN_TYPE = YES_ERROR;
				GCC_WARN_UNDECLARED_SELECTOR = YES;
				GCC_WARN_UNINITIALIZED_AUTOS = YES_AGGRESSIVE;
				GCC_WARN_UNUSED_FUNCTION = YES;
				GCC_WARN_UNUSED_VARIABLE = YES;
				IPHONEOS_DEPLOYMENT_TARGET = 9.0;
				MTL_ENABLE_DEBUG_INFO = NO;
				SDKROOT = iphoneos;
				SWIFT_OPTIMIZATION_LEVEL = "-Owholemodule";
				VALIDATE_PRODUCT = YES;
			};
			name = Release;
		};
		607FACF01AFB9204008FA782 /* Debug */ = {
			isa = XCBuildConfiguration;
			baseConfigurationReference = 50BDD2BA49B6C287A5B1F940 /* Pods-BitmovinAnalyticsCollector_Example.debug.xcconfig */;
			buildSettings = {
				ASSETCATALOG_COMPILER_APPICON_NAME = AppIcon;
				DEVELOPMENT_TEAM = BR5V5F75MC;
				INFOPLIST_FILE = BitmovinAnalyticsCollector/Info.plist;
				IPHONEOS_DEPLOYMENT_TARGET = 11.2;
				LD_RUNPATH_SEARCH_PATHS = "$(inherited) @executable_path/Frameworks";
				MODULE_NAME = ExampleApp;
				PRODUCT_BUNDLE_IDENTIFIER = "org.cocoapods.demo.bitmovin.BitmovinAnalyticsCollector-Example";
				PRODUCT_NAME = "$(TARGET_NAME)";
				SWIFT_VERSION = 5.0;
			};
			name = Debug;
		};
		607FACF11AFB9204008FA782 /* Release */ = {
			isa = XCBuildConfiguration;
			baseConfigurationReference = 6C25EC86D83FCAD97DE9E11C /* Pods-BitmovinAnalyticsCollector_Example.release.xcconfig */;
			buildSettings = {
				ASSETCATALOG_COMPILER_APPICON_NAME = AppIcon;
				DEVELOPMENT_TEAM = BR5V5F75MC;
				INFOPLIST_FILE = BitmovinAnalyticsCollector/Info.plist;
				IPHONEOS_DEPLOYMENT_TARGET = 11.2;
				LD_RUNPATH_SEARCH_PATHS = "$(inherited) @executable_path/Frameworks";
				MODULE_NAME = ExampleApp;
				PRODUCT_BUNDLE_IDENTIFIER = "org.cocoapods.demo.bitmovin.BitmovinAnalyticsCollector-Example";
				PRODUCT_NAME = "$(TARGET_NAME)";
				SWIFT_VERSION = 5.0;
			};
			name = Release;
		};
/* End XCBuildConfiguration section */

/* Begin XCConfigurationList section */
		010952C320EF22950010173A /* Build configuration list for PBXNativeTarget "BitmovinAnalyticsCollector_tvOSExample" */ = {
			isa = XCConfigurationList;
			buildConfigurations = (
				010952C120EF22950010173A /* Debug */,
				010952C220EF22950010173A /* Release */,
			);
			defaultConfigurationIsVisible = 0;
			defaultConfigurationName = Release;
		};
		247ADA90256C149F00AF9A4F /* Build configuration list for PBXNativeTarget "BitmovinAnalyticsCollector_Tests" */ = {
			isa = XCConfigurationList;
			buildConfigurations = (
				247ADA8E256C149F00AF9A4F /* Debug */,
				247ADA8F256C149F00AF9A4F /* Release */,
			);
			defaultConfigurationIsVisible = 0;
			defaultConfigurationName = Release;
		};
		607FACCB1AFB9204008FA782 /* Build configuration list for PBXProject "BitmovinAnalyticsCollector" */ = {
			isa = XCConfigurationList;
			buildConfigurations = (
				607FACED1AFB9204008FA782 /* Debug */,
				607FACEE1AFB9204008FA782 /* Release */,
			);
			defaultConfigurationIsVisible = 0;
			defaultConfigurationName = Release;
		};
		607FACEF1AFB9204008FA782 /* Build configuration list for PBXNativeTarget "BitmovinAnalyticsCollector_Example" */ = {
			isa = XCConfigurationList;
			buildConfigurations = (
				607FACF01AFB9204008FA782 /* Debug */,
				607FACF11AFB9204008FA782 /* Release */,
			);
			defaultConfigurationIsVisible = 0;
			defaultConfigurationName = Release;
		};
/* End XCConfigurationList section */
	};
	rootObject = 607FACC81AFB9204008FA782 /* Project object */;
}
