PODS:
  - AmazonIVSPlayer (1.18.0)
  - google-cast-sdk (4.6.1):
    - google-cast-sdk/Core (= 4.6.1)
    - Protobuf (~> 3.13)
  - google-cast-sdk/Core (4.6.1):
    - Protobuf (~> 3.13)
  - GoogleAds-IMA-iOS-SDK (3.18.4)
  - Protobuf (3.22.1)

DEPENDENCIES:
  - AmazonIVSPlayer (= 1.18.0)
  - google-cast-sdk (= 4.6.1)
  - GoogleAds-IMA-iOS-SDK (= 3.18.4)

SPEC REPOS:
  trunk:
    - AmazonIVSPlayer
    - google-cast-sdk
    - GoogleAds-IMA-iOS-SDK
    - Protobuf

SPEC CHECKSUMS:
  AmazonIVSPlayer: 15b74392987e2385f9a859201273185f76d58959
  google-cast-sdk: 9fc76175641bc24ef2515e0263344bd2c5c4e75c
  GoogleAds-IMA-iOS-SDK: b01284e3bf3d64ba948de6692ffda531452c3713
  Protobuf: d7f7c8329edf5eb8af65547a8ba3e9c1cee927d5

PODFILE CHECKSUM: 0270bdc270f95be0674105eff8da6c6b82b9c307

COCOAPODS: 1.12.1
