PODS:
  - AmazonIVSPlayer (1.18.0)
  - BitmovinAnalyticsCollector/AmazonIVSPlayer (2.10.0):
    - AmazonIVSPlayer (= 1.18.0)
  - BitmovinAnalyticsCollector/AVPlayer (2.10.0)
  - BitmovinAnalyticsCollector/BitmovinPlayer (2.10.0):
    - BitmovinPlayer (~> 3.35)
  - BitmovinAnalyticsCollector/Core (2.10.0)
  - BitmovinPlayer (3.35.0)
  - google-cast-sdk (4.6.1):
    - google-cast-sdk/Core (= 4.6.1)
    - Protobuf (~> 3.13)
  - google-cast-sdk/Core (4.6.1):
    - Protobuf (~> 3.13)
  - GoogleAds-IMA-iOS-SDK (3.18.4)
  - Protobuf (3.22.1)

DEPENDENCIES:
  - BitmovinAnalyticsCollector/AmazonIVSPlayer (from `../BitmovinAnalyticsCollector.v2.podspec`)
  - BitmovinAnalyticsCollector/AVPlayer (from `../BitmovinAnalyticsCollector.v2.podspec`)
  - BitmovinAnalyticsCollector/BitmovinPlayer (from `../BitmovinAnalyticsCollector.v2.podspec`)
  - BitmovinAnalyticsCollector/Core (from `../BitmovinAnalyticsCollector.v2.podspec`)
  - google-cast-sdk (= 4.6.1)
  - GoogleAds-IMA-iOS-SDK (= 3.18.4)

SPEC REPOS:
  https://github.com/bitmovin/cocoapod-specs.git:
    - BitmovinPlayer
  trunk:
    - AmazonIVSPlayer
    - google-cast-sdk
    - GoogleAds-IMA-iOS-SDK
    - Protobuf

EXTERNAL SOURCES:
  BitmovinAnalyticsCollector:
    :path: "../BitmovinAnalyticsCollector.v2.podspec"

SPEC CHECKSUMS:
  AmazonIVSPlayer: 15b74392987e2385f9a859201273185f76d58959
  BitmovinAnalyticsCollector: e338f36d83c98df226f587cf458348a4bf8f841a
  BitmovinPlayer: 44df4916e616d56fde2ed88e68f98a9a454fc3a3
  google-cast-sdk: 9fc76175641bc24ef2515e0263344bd2c5c4e75c
  GoogleAds-IMA-iOS-SDK: b01284e3bf3d64ba948de6692ffda531452c3713
  Protobuf: d7f7c8329edf5eb8af65547a8ba3e9c1cee927d5

PODFILE CHECKSUM: 7710b9b5e89627c4aeabded6ba454861e8753d30

COCOAPODS: 1.12.1
