// !$*UTF8*$!
{
	archiveVersion = 1;
	classes = {
	};
	objectVersion = 50;
	objects = {

/* Begin PBXBuildFile section */
		245A7A9C261CA21A00D79CCD /* AppDelegate.swift in Sources */ = {isa = PBXBuildFile; fileRef = 245A7A9B261CA21A00D79CCD /* AppDelegate.swift */; };
		245A7A9E261CA21A00D79CCD /* ViewController.swift in Sources */ = {isa = PBXBuildFile; fileRef = 245A7A9D261CA21A00D79CCD /* ViewController.swift */; };
		245A7AA1261CA21A00D79CCD /* Main.storyboard in Resources */ = {isa = PBXBuildFile; fileRef = 245A7A9F261CA21A00D79CCD /* Main.storyboard */; };
		245A7AA3261CA21D00D79CCD /* Assets.xcassets in Resources */ = {isa = PBXBuildFile; fileRef = 245A7AA2261CA21D00D79CCD /* Assets.xcassets */; };
		245A7AA6261CA21D00D79CCD /* LaunchScreen.storyboard in Resources */ = {isa = PBXBuildFile; fileRef = 245A7AA4261CA21D00D79CCD /* LaunchScreen.storyboard */; };
/* End PBXBuildFile section */

/* Begin PBXFileReference section */
		245A7A98261CA21A00D79CCD /* BitmovinAnalyticsCollectorExamples-tvOS.app */ = {isa = PBXFileReference; explicitFileType = wrapper.application; includeInIndex = 0; path = "BitmovinAnalyticsCollectorExamples-tvOS.app"; sourceTree = BUILT_PRODUCTS_DIR; };
		245A7A9B261CA21A00D79CCD /* AppDelegate.swift */ = {isa = PBXFileReference; lastKnownFileType = sourcecode.swift; path = AppDelegate.swift; sourceTree = "<group>"; };
		245A7A9D261CA21A00D79CCD /* ViewController.swift */ = {isa = PBXFileReference; lastKnownFileType = sourcecode.swift; path = ViewController.swift; sourceTree = "<group>"; };
		245A7AA0261CA21A00D79CCD /* Base */ = {isa = PBXFileReference; lastKnownFileType = file.storyboard; name = Base; path = Base.lproj/Main.storyboard; sourceTree = "<group>"; };
		245A7AA2261CA21D00D79CCD /* Assets.xcassets */ = {isa = PBXFileReference; lastKnownFileType = folder.assetcatalog; path = Assets.xcassets; sourceTree = "<group>"; };
		245A7AA5261CA21D00D79CCD /* Base */ = {isa = PBXFileReference; lastKnownFileType = file.storyboard; name = Base; path = Base.lproj/LaunchScreen.storyboard; sourceTree = "<group>"; };
		245A7AA7261CA21D00D79CCD /* Info.plist */ = {isa = PBXFileReference; lastKnownFileType = text.plist.xml; path = Info.plist; sourceTree = "<group>"; };
/* End PBXFileReference section */

/* Begin PBXFrameworksBuildPhase section */
		245A7A95261CA21A00D79CCD /* Frameworks */ = {
			isa = PBXFrameworksBuildPhase;
			buildActionMask = 2147483647;
			files = (
			);
			runOnlyForDeploymentPostprocessing = 0;
		};
/* End PBXFrameworksBuildPhase section */

/* Begin PBXGroup section */
		245A7A8F261CA21A00D79CCD = {
			isa = PBXGroup;
			children = (
				245A7A9A261CA21A00D79CCD /* BitmovinAnalyticsCollectorExamples-tvOS */,
				245A7A99261CA21A00D79CCD /* Products */,
			);
			sourceTree = "<group>";
		};
		245A7A99261CA21A00D79CCD /* Products */ = {
			isa = PBXGroup;
			children = (
				245A7A98261CA21A00D79CCD /* BitmovinAnalyticsCollectorExamples-tvOS.app */,
			);
			name = Products;
			sourceTree = "<group>";
		};
		245A7A9A261CA21A00D79CCD /* BitmovinAnalyticsCollectorExamples-tvOS */ = {
			isa = PBXGroup;
			children = (
				245A7A9B261CA21A00D79CCD /* AppDelegate.swift */,
				245A7A9D261CA21A00D79CCD /* ViewController.swift */,
				245A7A9F261CA21A00D79CCD /* Main.storyboard */,
				245A7AA2261CA21D00D79CCD /* Assets.xcassets */,
				245A7AA4261CA21D00D79CCD /* LaunchScreen.storyboard */,
				245A7AA7261CA21D00D79CCD /* Info.plist */,
			);
			path = "BitmovinAnalyticsCollectorExamples-tvOS";
			sourceTree = "<group>";
		};
/* End PBXGroup section */

/* Begin PBXNativeTarget section */
		245A7A97261CA21A00D79CCD /* BitmovinAnalyticsCollectorExamples-tvOS */ = {
			isa = PBXNativeTarget;
			buildConfigurationList = 245A7AAA261CA21D00D79CCD /* Build configuration list for PBXNativeTarget "BitmovinAnalyticsCollectorExamples-tvOS" */;
			buildPhases = (
				245A7A94261CA21A00D79CCD /* Sources */,
				245A7A95261CA21A00D79CCD /* Frameworks */,
				245A7A96261CA21A00D79CCD /* Resources */,
			);
			buildRules = (
			);
			dependencies = (
			);
			name = "BitmovinAnalyticsCollectorExamples-tvOS";
			productName = "BitmovinAnalyticsCollectorExamples-tvOS";
			productReference = 245A7A98261CA21A00D79CCD /* BitmovinAnalyticsCollectorExamples-tvOS.app */;
			productType = "com.apple.product-type.application";
		};
/* End PBXNativeTarget section */

/* Begin PBXProject section */
		245A7A90261CA21A00D79CCD /* Project object */ = {
			isa = PBXProject;
			attributes = {
				LastSwiftUpdateCheck = 1240;
				LastUpgradeCheck = 1240;
				TargetAttributes = {
					245A7A97261CA21A00D79CCD = {
						CreatedOnToolsVersion = 12.4;
					};
				};
			};
			buildConfigurationList = 245A7A93261CA21A00D79CCD /* Build configuration list for PBXProject "BitmovinAnalyticsCollectorExamples-tvOS" */;
			compatibilityVersion = "Xcode 9.3";
			developmentRegion = en;
			hasScannedForEncodings = 0;
			knownRegions = (
				en,
				Base,
			);
			mainGroup = 245A7A8F261CA21A00D79CCD;
			productRefGroup = 245A7A99261CA21A00D79CCD /* Products */;
			projectDirPath = "";
			projectRoot = "";
			targets = (
				245A7A97261CA21A00D79CCD /* BitmovinAnalyticsCollectorExamples-tvOS */,
			);
		};
/* End PBXProject section */

/* Begin PBXResourcesBuildPhase section */
		245A7A96261CA21A00D79CCD /* Resources */ = {
			isa = PBXResourcesBuildPhase;
			buildActionMask = 2147483647;
			files = (
				245A7AA6261CA21D00D79CCD /* LaunchScreen.storyboard in Resources */,
				245A7AA3261CA21D00D79CCD /* Assets.xcassets in Resources */,
				245A7AA1261CA21A00D79CCD /* Main.storyboard in Resources */,
			);
			runOnlyForDeploymentPostprocessing = 0;
		};
/* End PBXResourcesBuildPhase section */

/* Begin PBXSourcesBuildPhase section */
		245A7A94261CA21A00D79CCD /* Sources */ = {
			isa = PBXSourcesBuildPhase;
			buildActionMask = 2147483647;
			files = (
				245A7A9E261CA21A00D79CCD /* ViewController.swift in Sources */,
				245A7A9C261CA21A00D79CCD /* AppDelegate.swift in Sources */,
			);
			runOnlyForDeploymentPostprocessing = 0;
		};
/* End PBXSourcesBuildPhase section */

/* Begin PBXVariantGroup section */
		245A7A9F261CA21A00D79CCD /* Main.storyboard */ = {
			isa = PBXVariantGroup;
			children = (
				245A7AA0261CA21A00D79CCD /* Base */,
			);
			name = Main.storyboard;
			sourceTree = "<group>";
		};
		245A7AA4261CA21D00D79CCD /* LaunchScreen.storyboard */ = {
			isa = PBXVariantGroup;
			children = (
				245A7AA5261CA21D00D79CCD /* Base */,
			);
			name = LaunchScreen.storyboard;
			sourceTree = "<group>";
		};
/* End PBXVariantGroup section */

/* Begin XCBuildConfiguration section */
		245A7AA8261CA21D00D79CCD /* Debug */ = {
			isa = XCBuildConfiguration;
			buildSettings = {
				ALWAYS_SEARCH_USER_PATHS = NO;
				CLANG_ANALYZER_NONNULL = YES;
				CLANG_ANALYZER_NUMBER_OBJECT_CONVERSION = YES_AGGRESSIVE;
				CLANG_CXX_LANGUAGE_STANDARD = "gnu++14";
				CLANG_CXX_LIBRARY = "libc++";
				CLANG_ENABLE_MODULES = YES;
				CLANG_ENABLE_OBJC_ARC = YES;
				CLANG_ENABLE_OBJC_WEAK = YES;
				CLANG_WARN_BLOCK_CAPTURE_AUTORELEASING = YES;
				CLANG_WARN_BOOL_CONVERSION = YES;
				CLANG_WARN_COMMA = YES;
				CLANG_WARN_CONSTANT_CONVERSION = YES;
				CLANG_WARN_DEPRECATED_OBJC_IMPLEMENTATIONS = YES;
				CLANG_WARN_DIRECT_OBJC_ISA_USAGE = YES_ERROR;
				CLANG_WARN_DOCUMENTATION_COMMENTS = YES;
				CLANG_WARN_EMPTY_BODY = YES;
				CLANG_WARN_ENUM_CONVERSION = YES;
				CLANG_WARN_INFINITE_RECURSION = YES;
				CLANG_WARN_INT_CONVERSION = YES;
				CLANG_WARN_NON_LITERAL_NULL_CONVERSION = YES;
				CLANG_WARN_OBJC_IMPLICIT_RETAIN_SELF = YES;
				CLANG_WARN_OBJC_LITERAL_CONVERSION = YES;
				CLANG_WARN_OBJC_ROOT_CLASS = YES_ERROR;
				CLANG_WARN_QUOTED_INCLUDE_IN_FRAMEWORK_HEADER = YES;
				CLANG_WARN_RANGE_LOOP_ANALYSIS = YES;
				CLANG_WARN_STRICT_PROTOTYPES = YES;
				CLANG_WARN_SUSPICIOUS_MOVE = YES;
				CLANG_WARN_UNGUARDED_AVAILABILITY = YES_AGGRESSIVE;
				CLANG_WARN_UNREACHABLE_CODE = YES;
				CLANG_WARN__DUPLICATE_METHOD_MATCH = YES;
				COPY_PHASE_STRIP = NO;
				DEBUG_INFORMATION_FORMAT = dwarf;
				ENABLE_STRICT_OBJC_MSGSEND = YES;
				ENABLE_TESTABILITY = YES;
				GCC_C_LANGUAGE_STANDARD = gnu11;
				GCC_DYNAMIC_NO_PIC = NO;
				GCC_NO_COMMON_BLOCKS = YES;
				GCC_OPTIMIZATION_LEVEL = 0;
				GCC_PREPROCESSOR_DEFINITIONS = (
					"DEBUG=1",
					"$(inherited)",
				);
				GCC_WARN_64_TO_32_BIT_CONVERSION = YES;
				GCC_WARN_ABOUT_RETURN_TYPE = YES_ERROR;
				GCC_WARN_UNDECLARED_SELECTOR = YES;
				GCC_WARN_UNINITIALIZED_AUTOS = YES_AGGRESSIVE;
				GCC_WARN_UNUSED_FUNCTION = YES;
				GCC_WARN_UNUSED_VARIABLE = YES;
				MTL_ENABLE_DEBUG_INFO = INCLUDE_SOURCE;
				MTL_FAST_MATH = YES;
				ONLY_ACTIVE_ARCH = YES;
				SDKROOT = appletvos;
				SWIFT_ACTIVE_COMPILATION_CONDITIONS = DEBUG;
				SWIFT_OPTIMIZATION_LEVEL = "-Onone";
				TVOS_DEPLOYMENT_TARGET = 14.3;
			};
			name = Debug;
		};
		245A7AA9261CA21D00D79CCD /* Release */ = {
			isa = XCBuildConfiguration;
			buildSettings = {
				ALWAYS_SEARCH_USER_PATHS = NO;
				CLANG_ANALYZER_NONNULL = YES;
				CLANG_ANALYZER_NUMBER_OBJECT_CONVERSION = YES_AGGRESSIVE;
				CLANG_CXX_LANGUAGE_STANDARD = "gnu++14";
				CLANG_CXX_LIBRARY = "libc++";
				CLANG_ENABLE_MODULES = YES;
				CLANG_ENABLE_OBJC_ARC = YES;
				CLANG_ENABLE_OBJC_WEAK = YES;
				CLANG_WARN_BLOCK_CAPTURE_AUTORELEASING = YES;
				CLANG_WARN_BOOL_CONVERSION = YES;
				CLANG_WARN_COMMA = YES;
				CLANG_WARN_CONSTANT_CONVERSION = YES;
				CLANG_WARN_DEPRECATED_OBJC_IMPLEMENTATIONS = YES;
				CLANG_WARN_DIRECT_OBJC_ISA_USAGE = YES_ERROR;
				CLANG_WARN_DOCUMENTATION_COMMENTS = YES;
				CLANG_WARN_EMPTY_BODY = YES;
				CLANG_WARN_ENUM_CONVERSION = YES;
				CLANG_WARN_INFINITE_RECURSION = YES;
				CLANG_WARN_INT_CONVERSION = YES;
				CLANG_WARN_NON_LITERAL_NULL_CONVERSION = YES;
				CLANG_WARN_OBJC_IMPLICIT_RETAIN_SELF = YES;
				CLANG_WARN_OBJC_LITERAL_CONVERSION = YES;
				CLANG_WARN_OBJC_ROOT_CLASS = YES_ERROR;
				CLANG_WARN_QUOTED_INCLUDE_IN_FRAMEWORK_HEADER = YES;
				CLANG_WARN_RANGE_LOOP_ANALYSIS = YES;
				CLANG_WARN_STRICT_PROTOTYPES = YES;
				CLANG_WARN_SUSPICIOUS_MOVE = YES;
				CLANG_WARN_UNGUARDED_AVAILABILITY = YES_AGGRESSIVE;
				CLANG_WARN_UNREACHABLE_CODE = YES;
				CLANG_WARN__DUPLICATE_METHOD_MATCH = YES;
				COPY_PHASE_STRIP = NO;
				DEBUG_INFORMATION_FORMAT = "dwarf-with-dsym";
				ENABLE_NS_ASSERTIONS = NO;
				ENABLE_STRICT_OBJC_MSGSEND = YES;
				GCC_C_LANGUAGE_STANDARD = gnu11;
				GCC_NO_COMMON_BLOCKS = YES;
				GCC_WARN_64_TO_32_BIT_CONVERSION = YES;
				GCC_WARN_ABOUT_RETURN_TYPE = YES_ERROR;
				GCC_WARN_UNDECLARED_SELECTOR = YES;
				GCC_WARN_UNINITIALIZED_AUTOS = YES_AGGRESSIVE;
				GCC_WARN_UNUSED_FUNCTION = YES;
				GCC_WARN_UNUSED_VARIABLE = YES;
				MTL_ENABLE_DEBUG_INFO = NO;
				MTL_FAST_MATH = YES;
				SDKROOT = appletvos;
				SWIFT_COMPILATION_MODE = wholemodule;
				SWIFT_OPTIMIZATION_LEVEL = "-O";
				TVOS_DEPLOYMENT_TARGET = 14.3;
				VALIDATE_PRODUCT = YES;
			};
			name = Release;
		};
		245A7AAB261CA21D00D79CCD /* Debug */ = {
			isa = XCBuildConfiguration;
			buildSettings = {
				ASSETCATALOG_COMPILER_APPICON_NAME = "App Icon & Top Shelf Image";
				ASSETCATALOG_COMPILER_GLOBAL_ACCENT_COLOR_NAME = AccentColor;
				CODE_SIGN_STYLE = Automatic;
				INFOPLIST_FILE = "BitmovinAnalyticsCollectorExamples-tvOS/Info.plist";
				LD_RUNPATH_SEARCH_PATHS = (
					"$(inherited)",
					"@executable_path/Frameworks",
				);
				PRODUCT_BUNDLE_IDENTIFIER = "com.bitmovin.analytics.BitmovinAnalyticsCollectorExamples-tvOS";
				PRODUCT_NAME = "$(TARGET_NAME)";
				SWIFT_VERSION = 5.0;
				TARGETED_DEVICE_FAMILY = 3;
			};
			name = Debug;
		};
		245A7AAC261CA21D00D79CCD /* Release */ = {
			isa = XCBuildConfiguration;
			buildSettings = {
				ASSETCATALOG_COMPILER_APPICON_NAME = "App Icon & Top Shelf Image";
				ASSETCATALOG_COMPILER_GLOBAL_ACCENT_COLOR_NAME = AccentColor;
				CODE_SIGN_STYLE = Automatic;
				INFOPLIST_FILE = "BitmovinAnalyticsCollectorExamples-tvOS/Info.plist";
				LD_RUNPATH_SEARCH_PATHS = (
					"$(inherited)",
					"@executable_path/Frameworks",
				);
				PRODUCT_BUNDLE_IDENTIFIER = "com.bitmovin.analytics.BitmovinAnalyticsCollectorExamples-tvOS";
				PRODUCT_NAME = "$(TARGET_NAME)";
				SWIFT_VERSION = 5.0;
				TARGETED_DEVICE_FAMILY = 3;
			};
			name = Release;
		};
/* End XCBuildConfiguration section */

/* Begin XCConfigurationList section */
		245A7A93261CA21A00D79CCD /* Build configuration list for PBXProject "BitmovinAnalyticsCollectorExamples-tvOS" */ = {
			isa = XCConfigurationList;
			buildConfigurations = (
				245A7AA8261CA21D00D79CCD /* Debug */,
				245A7AA9261CA21D00D79CCD /* Release */,
			);
			defaultConfigurationIsVisible = 0;
			defaultConfigurationName = Release;
		};
		245A7AAA261CA21D00D79CCD /* Build configuration list for PBXNativeTarget "BitmovinAnalyticsCollectorExamples-tvOS" */ = {
			isa = XCConfigurationList;
			buildConfigurations = (
				245A7AAB261CA21D00D79CCD /* Debug */,
				245A7AAC261CA21D00D79CCD /* Release */,
			);
			defaultConfigurationIsVisible = 0;
			defaultConfigurationName = Release;
		};
/* End XCConfigurationList section */
	};
	rootObject = 245A7A90261CA21A00D79CCD /* Project object */;
}
