// !$*UTF8*$!
{
	archiveVersion = 1;
	classes = {
	};
	objectVersion = 51;
	objects = {

/* Begin PBXBuildFile section */
		24DB7FBF261D7BB9009F7AE7 /* AppDelegate.swift in Sources */ = {isa = PBXBuildFile; fileRef = 24DB7FBE261D7BB9009F7AE7 /* AppDelegate.swift */; };
		24DB7FC1261D7BB9009F7AE7 /* SceneDelegate.swift in Sources */ = {isa = PBXBuildFile; fileRef = 24DB7FC0261D7BB9009F7AE7 /* SceneDelegate.swift */; };
		24DB7FC3261D7BB9009F7AE7 /* ViewController.swift in Sources */ = {isa = PBXBuildFile; fileRef = 24DB7FC2261D7BB9009F7AE7 /* ViewController.swift */; };
		24DB7FC6261D7BB9009F7AE7 /* Main.storyboard in Resources */ = {isa = PBXBuildFile; fileRef = 24DB7FC4261D7BB9009F7AE7 /* Main.storyboard */; };
		011096092028C74C00A70D38 /* PlayerView.swift in Sources */ = {isa = PBXBuildFile; fileRef = 011096082028C74C00A70D38 /* PlayerView.swift */; };
		24DB7FC8261D7BBB009F7AE7 /* Assets.xcassets in Resources */ = {isa = PBXBuildFile; fileRef = 24DB7FC7261D7BBB009F7AE7 /* Assets.xcassets */; };
		24DB7FCB261D7BBB009F7AE7 /* LaunchScreen.storyboard in Resources */ = {isa = PBXBuildFile; fileRef = 24DB7FC9261D7BBB009F7AE7 /* LaunchScreen.storyboard */; };
		24DB7FD9261D7BD4009F7AE7 /* AppDelegate.swift in Sources */ = {isa = PBXBuildFile; fileRef = 24DB7FD8261D7BD4009F7AE7 /* AppDelegate.swift */; };
		24DB7FDB261D7BD4009F7AE7 /* ViewController.swift in Sources */ = {isa = PBXBuildFile; fileRef = 24DB7FDA261D7BD4009F7AE7 /* ViewController.swift */; };
		24DB7FDE261D7BD4009F7AE7 /* Main.storyboard in Resources */ = {isa = PBXBuildFile; fileRef = 24DB7FDC261D7BD4009F7AE7 /* Main.storyboard */; };
		01C26BE62083F14D001A0D76 /* BitmovinViewController.swift in Sources */ = {isa = PBXBuildFile; fileRef = 01C26BE52083F14D001A0D76 /* BitmovinViewController.swift */; };
		24DB7FE0261D7BD5009F7AE7 /* Assets.xcassets in Resources */ = {isa = PBXBuildFile; fileRef = 24DB7FDF261D7BD5009F7AE7 /* Assets.xcassets */; };
		24DB7FDE261D7BD4009F7AE7 /* Images.xcassets in Resources */ = {isa = PBXBuildFile; fileRef = 0110960E2028C7B800A70D38 /* Images.xcassets */; };
		24DB7FE3261D7BD5009F7AE7 /* LaunchScreen.storyboard in Resources */ = {isa = PBXBuildFile; fileRef = 24DB7FE1261D7BD5009F7AE7 /* LaunchScreen.storyboard */; };
		607FACD81AFB9204008FA782 /* AVFoundationViewController.swift in Sources */ = {isa = PBXBuildFile; fileRef = 607FACD71AFB9204008FA782 /* AVFoundationViewController.swift */; };
		01C26BE42083ED7B001A0D76 /* WelcomeViewController.swift in Sources */ = {isa = PBXBuildFile; fileRef = 01C26BE32083ED7B001A0D76 /* WelcomeViewController.swift */; };
		8F1713A624AB3D64009ACECA /* AssetResourceLoaderDelegate.swift in Sources */ = {isa = PBXBuildFile; fileRef = 8F1713A524AB3D64009ACECA /* AssetResourceLoaderDelegate.swift */; };
		8F1713A724AB3D64009ACECA /* AssetResourceLoaderDelegate.swift in Sources */ = {isa = PBXBuildFile; fileRef = 8F1713A524AB3D64009ACECA /* AssetResourceLoaderDelegate.swift */; };
		8F1713AB24AB3FAD009ACECA /* Asset.swift in Sources */ = {isa = PBXBuildFile; fileRef = 8F1713A824AB3FAD009ACECA /* Asset.swift */; };
		8F1713AC24AB3FAD009ACECA /* Asset.swift in Sources */ = {isa = PBXBuildFile; fileRef = 8F1713A824AB3FAD009ACECA /* Asset.swift */; };
		8F1713AD24AB3FAD009ACECA /* Stream.swift in Sources */ = {isa = PBXBuildFile; fileRef = 8F1713A924AB3FAD009ACECA /* Stream.swift */; };
		8F1713AE24AB3FAD009ACECA /* Stream.swift in Sources */ = {isa = PBXBuildFile; fileRef = 8F1713A924AB3FAD009ACECA /* Stream.swift */; };
		8F1713AF24AB3FAD009ACECA /* FairPlayConfiguration.swift in Sources */ = {isa = PBXBuildFile; fileRef = 8F1713AA24AB3FAD009ACECA /* FairPlayConfiguration.swift */; };
		8F1713B024AB3FAD009ACECA /* FairPlayConfiguration.swift in Sources */ = {isa = PBXBuildFile; fileRef = 8F1713AA24AB3FAD009ACECA /* FairPlayConfiguration.swift */; };
		25643918D3639EC8B78196DA /* Pods_BitmovinAnalyticsCollector_v1_Tests_iOS.framework in Frameworks */ = {isa = PBXBuildFile; fileRef = CBF29EF0479CB721B1870DAD /* Pods_BitmovinAnalyticsCollector_v1_Tests_iOS.framework */; };
		8F54717224A37D8D008B31C2 /* BitmovinDrmViewController.swift in Sources */ = {isa = PBXBuildFile; fileRef = 8F54717124A37D8D008B31C2 /* BitmovinDrmViewController.swift */; };
		4CF1F7D0FC81396A51ECA245 /* Pods_BitmovinAnalyticsCollector_v1_Example_iOS.framework in Frameworks */ = {isa = PBXBuildFile; fileRef = 962A2CD519A407AD03A013F1 /* Pods_BitmovinAnalyticsCollector_v1_Example_iOS.framework */; };
		B02F5F40A7D5B7ABE5DD61FA /* Pods_BitmovinAnalyticsCollector_v1_Example_tvOS.framework in Frameworks */ = {isa = PBXBuildFile; fileRef = ED5FD4D2B184576B1B267C78 /* Pods_BitmovinAnalyticsCollector_v1_Example_tvOS.framework */; };
		EC93565C2457F26A007B6F45 /* DebugBitmovinPlayerListener.swift in Sources */ = {isa = PBXBuildFile; fileRef = EC93565B2457F26A007B6F45 /* DebugBitmovinPlayerListener.swift */; };
/* End PBXBuildFile section */

/* Begin PBXFileReference section */
		131DEC3EA3701F8CAE9AF90F /* Pods-BitmovinAnalyticsCollector-v1-Tests-iOS.debug.xcconfig */ = {isa = PBXFileReference; includeInIndex = 1; lastKnownFileType = text.xcconfig; name = "Pods-BitmovinAnalyticsCollector-v1-Tests-iOS.debug.xcconfig"; path = "Target Support Files/Pods-BitmovinAnalyticsCollector-v1-Tests-iOS/Pods-BitmovinAnalyticsCollector-v1-Tests-iOS.debug.xcconfig"; sourceTree = "<group>"; };
		24DB7FBC261D7BB9009F7AE7 /* BitmovinAnalyticsCollector-v1-Example-iOS.app */ = {isa = PBXFileReference; explicitFileType = wrapper.application; includeInIndex = 0; path = "BitmovinAnalyticsCollector-v1-Example-iOS.app"; sourceTree = BUILT_PRODUCTS_DIR; };
		24DB7FBE261D7BB9009F7AE7 /* AppDelegate.swift */ = {isa = PBXFileReference; lastKnownFileType = sourcecode.swift; path = AppDelegate.swift; sourceTree = "<group>"; };
		24DB7FC0261D7BB9009F7AE7 /* SceneDelegate.swift */ = {isa = PBXFileReference; lastKnownFileType = sourcecode.swift; path = SceneDelegate.swift; sourceTree = "<group>"; };
		24DB7FC2261D7BB9009F7AE7 /* ViewController.swift */ = {isa = PBXFileReference; lastKnownFileType = sourcecode.swift; path = ViewController.swift; sourceTree = "<group>"; };
		24DB7FC5261D7BB9009F7AE7 /* Base */ = {isa = PBXFileReference; lastKnownFileType = file.storyboard; name = Base; path = Base.lproj/Main.storyboard; sourceTree = "<group>"; };
		607FACD71AFB9204008FA782 /* AVFoundationViewController.swift */ = {isa = PBXFileReference; lastKnownFileType = sourcecode.swift; path = AVFoundationViewController.swift; sourceTree = "<group>"; };
		24DB7FC7261D7BBB009F7AE7 /* Assets.xcassets */ = {isa = PBXFileReference; lastKnownFileType = folder.assetcatalog; path = Assets.xcassets; sourceTree = "<group>"; };
		011096082028C74C00A70D38 /* PlayerView.swift */ = {isa = PBXFileReference; fileEncoding = 4; lastKnownFileType = sourcecode.swift; path = PlayerView.swift; sourceTree = "<group>"; };
		01C26BE52083F14D001A0D76 /* BitmovinViewController.swift */ = {isa = PBXFileReference; lastKnownFileType = sourcecode.swift; path = BitmovinViewController.swift; sourceTree = "<group>"; };
		0110960E2028C7B800A70D38 /* Images.xcassets */ = {isa = PBXFileReference; lastKnownFileType = folder.assetcatalog; path = Images.xcassets; sourceTree = "<group>"; };
		8FAA118824AA1D5A00F7922B /* AVFoundationDrmViewController.swift */ = {isa = PBXFileReference; lastKnownFileType = sourcecode.swift; path = AVFoundationDrmViewController.swift; sourceTree = "<group>"; };
		01C26BE32083ED7B001A0D76 /* WelcomeViewController.swift */ = {isa = PBXFileReference; lastKnownFileType = sourcecode.swift; path = WelcomeViewController.swift; sourceTree = "<group>"; };
		24DB7FCA261D7BBB009F7AE7 /* Base */ = {isa = PBXFileReference; lastKnownFileType = file.storyboard; name = Base; path = Base.lproj/LaunchScreen.storyboard; sourceTree = "<group>"; };
		24DB7FCC261D7BBB009F7AE7 /* Info.plist */ = {isa = PBXFileReference; lastKnownFileType = text.plist.xml; path = Info.plist; sourceTree = "<group>"; };
		24DB7FD6261D7BD4009F7AE7 /* BitmovinAnalyticsCollector-v1-Example-tvOS.app */ = {isa = PBXFileReference; explicitFileType = wrapper.application; includeInIndex = 0; path = "BitmovinAnalyticsCollector-v1-Example-tvOS.app"; sourceTree = BUILT_PRODUCTS_DIR; };
		24DB7FD8261D7BD4009F7AE7 /* AppDelegate.swift */ = {isa = PBXFileReference; lastKnownFileType = sourcecode.swift; path = AppDelegate.swift; sourceTree = "<group>"; };
		24DB7FDA261D7BD4009F7AE7 /* ViewController.swift */ = {isa = PBXFileReference; lastKnownFileType = sourcecode.swift; path = ViewController.swift; sourceTree = "<group>"; };
		24DB7FDD261D7BD4009F7AE7 /* Base */ = {isa = PBXFileReference; lastKnownFileType = file.storyboard; name = Base; path = Base.lproj/Main.storyboard; sourceTree = "<group>"; };
		24DB7FDF261D7BD5009F7AE7 /* Assets.xcassets */ = {isa = PBXFileReference; lastKnownFileType = folder.assetcatalog; path = Assets.xcassets; sourceTree = "<group>"; };
		24DB7FE2261D7BD5009F7AE7 /* Base */ = {isa = PBXFileReference; lastKnownFileType = file.storyboard; name = Base; path = Base.lproj/LaunchScreen.storyboard; sourceTree = "<group>"; };
		24DB7FE4261D7BD5009F7AE7 /* Info.plist */ = {isa = PBXFileReference; lastKnownFileType = text.plist.xml; path = Info.plist; sourceTree = "<group>"; };
		24DB801A261D805B009F7AE7 /* BitmovinAnalyticsCollector-v1-Tests-iOS.xctest */ = {isa = PBXFileReference; explicitFileType = wrapper.cfbundle; includeInIndex = 0; path = "BitmovinAnalyticsCollector-v1-Tests-iOS.xctest"; sourceTree = BUILT_PRODUCTS_DIR; };
		8F1713A524AB3D64009ACECA /* AssetResourceLoaderDelegate.swift */ = {isa = PBXFileReference; fileEncoding = 4; lastKnownFileType = sourcecode.swift; path = AssetResourceLoaderDelegate.swift; sourceTree = "<group>"; };
		8F1713A824AB3FAD009ACECA /* Asset.swift */ = {isa = PBXFileReference; fileEncoding = 4; lastKnownFileType = sourcecode.swift; path = Asset.swift; sourceTree = "<group>"; };
		8F1713A924AB3FAD009ACECA /* Stream.swift */ = {isa = PBXFileReference; fileEncoding = 4; lastKnownFileType = sourcecode.swift; path = Stream.swift; sourceTree = "<group>"; };
		8F54717124A37D8D008B31C2 /* BitmovinDrmViewController.swift */ = {isa = PBXFileReference; lastKnownFileType = sourcecode.swift; path = BitmovinDrmViewController.swift; sourceTree = "<group>"; };
		8F1713AA24AB3FAD009ACECA /* FairPlayConfiguration.swift */ = {isa = PBXFileReference; fileEncoding = 4; lastKnownFileType = sourcecode.swift; path = FairPlayConfiguration.swift; sourceTree = "<group>"; };
		38D18A53F31D6A43C2BA9E31 /* Pods-BitmovinAnalyticsCollector-v1-Tests-iOS.release.xcconfig */ = {isa = PBXFileReference; includeInIndex = 1; lastKnownFileType = text.xcconfig; name = "Pods-BitmovinAnalyticsCollector-v1-Tests-iOS.release.xcconfig"; path = "Target Support Files/Pods-BitmovinAnalyticsCollector-v1-Tests-iOS/Pods-BitmovinAnalyticsCollector-v1-Tests-iOS.release.xcconfig"; sourceTree = "<group>"; };
		5E5AAB45C4DD6532B12C64D9 /* Pods-BitmovinAnalyticsCollector-v1-Example-iOS.release.xcconfig */ = {isa = PBXFileReference; includeInIndex = 1; lastKnownFileType = text.xcconfig; name = "Pods-BitmovinAnalyticsCollector-v1-Example-iOS.release.xcconfig"; path = "Target Support Files/Pods-BitmovinAnalyticsCollector-v1-Example-iOS/Pods-BitmovinAnalyticsCollector-v1-Example-iOS.release.xcconfig"; sourceTree = "<group>"; };
		94E92FFDF2C4FD3FDF42D78C /* Pods-BitmovinAnalyticsCollector-v1-Example-iOS.debug.xcconfig */ = {isa = PBXFileReference; includeInIndex = 1; lastKnownFileType = text.xcconfig; name = "Pods-BitmovinAnalyticsCollector-v1-Example-iOS.debug.xcconfig"; path = "Target Support Files/Pods-BitmovinAnalyticsCollector-v1-Example-iOS/Pods-BitmovinAnalyticsCollector-v1-Example-iOS.debug.xcconfig"; sourceTree = "<group>"; };
		962A2CD519A407AD03A013F1 /* Pods_BitmovinAnalyticsCollector_v1_Example_iOS.framework */ = {isa = PBXFileReference; explicitFileType = wrapper.framework; includeInIndex = 0; path = Pods_BitmovinAnalyticsCollector_v1_Example_iOS.framework; sourceTree = BUILT_PRODUCTS_DIR; };
		B7B396750776B44F1C585B91 /* Pods-BitmovinAnalyticsCollector-v1-Example-tvOS.release.xcconfig */ = {isa = PBXFileReference; includeInIndex = 1; lastKnownFileType = text.xcconfig; name = "Pods-BitmovinAnalyticsCollector-v1-Example-tvOS.release.xcconfig"; path = "Target Support Files/Pods-BitmovinAnalyticsCollector-v1-Example-tvOS/Pods-BitmovinAnalyticsCollector-v1-Example-tvOS.release.xcconfig"; sourceTree = "<group>"; };
		CBF29EF0479CB721B1870DAD /* Pods_BitmovinAnalyticsCollector_v1_Tests_iOS.framework */ = {isa = PBXFileReference; explicitFileType = wrapper.framework; includeInIndex = 0; path = Pods_BitmovinAnalyticsCollector_v1_Tests_iOS.framework; sourceTree = BUILT_PRODUCTS_DIR; };
		D0CDB82D7D17DD46A4ADC6A3 /* Pods-BitmovinAnalyticsCollector-v1-Example-tvOS.debug.xcconfig */ = {isa = PBXFileReference; includeInIndex = 1; lastKnownFileType = text.xcconfig; name = "Pods-BitmovinAnalyticsCollector-v1-Example-tvOS.debug.xcconfig"; path = "Target Support Files/Pods-BitmovinAnalyticsCollector-v1-Example-tvOS/Pods-BitmovinAnalyticsCollector-v1-Example-tvOS.debug.xcconfig"; sourceTree = "<group>"; };
		ED5FD4D2B184576B1B267C78 /* Pods_BitmovinAnalyticsCollector_v1_Example_tvOS.framework */ = {isa = PBXFileReference; explicitFileType = wrapper.framework; includeInIndex = 0; path = Pods_BitmovinAnalyticsCollector_v1_Example_tvOS.framework; sourceTree = BUILT_PRODUCTS_DIR; };
		67D7D3032E40EEFC258C6F8D /* README.md */ = {isa = PBXFileReference; includeInIndex = 1; lastKnownFileType = net.daringfireball.markdown; name = README.md; path = ../README.md; sourceTree = "<group>"; };
		A13FCB967E22402182A70074 /* LICENSE */ = {isa = PBXFileReference; includeInIndex = 1; lastKnownFileType = text; name = LICENSE; path = ../LICENSE; sourceTree = "<group>"; };
		76A4CC2782BA260CFC7363C9 /* BitmovinAnalyticsCollector.v1.podspec */ = {isa = PBXFileReference; includeInIndex = 1; lastKnownFileType = text; name = BitmovinAnalyticsCollector.v1.podspec; path = ../BitmovinAnalyticsCollector.v1.podspec; sourceTree = "<group>"; xcLanguageSpecificationIdentifier = xcode.lang.ruby; };
		EC93565B2457F26A007B6F45 /* DebugBitmovinPlayerListener.swift */ = {isa = PBXFileReference; lastKnownFileType = sourcecode.swift; path = DebugBitmovinPlayerListener.swift; sourceTree = "<group>"; };
/* End PBXFileReference section */

/* Begin PBXFrameworksBuildPhase section */
		24DB7FB9261D7BB9009F7AE7 /* Frameworks */ = {
			isa = PBXFrameworksBuildPhase;
			buildActionMask = 2147483647;
			files = (
				4CF1F7D0FC81396A51ECA245 /* Pods_BitmovinAnalyticsCollector_v1_Example_iOS.framework in Frameworks */,
			);
			runOnlyForDeploymentPostprocessing = 0;
		};
		24DB7FD3261D7BD4009F7AE7 /* Frameworks */ = {
			isa = PBXFrameworksBuildPhase;
			buildActionMask = 2147483647;
			files = (
				B02F5F40A7D5B7ABE5DD61FA /* Pods_BitmovinAnalyticsCollector_v1_Example_tvOS.framework in Frameworks */,
			);
			runOnlyForDeploymentPostprocessing = 0;
		};
		24DB8017261D805B009F7AE7 /* Frameworks */ = {
			isa = PBXFrameworksBuildPhase;
			buildActionMask = 2147483647;
			files = (
				25643918D3639EC8B78196DA /* Pods_BitmovinAnalyticsCollector_v1_Tests_iOS.framework in Frameworks */,
			);
			runOnlyForDeploymentPostprocessing = 0;
		};
/* End PBXFrameworksBuildPhase section */

/* Begin PBXGroup section */
		24DB7F95261D7AD1009F7AE7 = {
			isa = PBXGroup;
			children = (
				24DB7FBD261D7BB9009F7AE7 /* BitmovinAnalyticsCollector-v1-Example-iOS */,
				24DB7FD7261D7BD4009F7AE7 /* BitmovinAnalyticsCollector-v1-Example-tvOS */,
				24DB801B261D805B009F7AE7 /* BitmovinAnalyticsCollector-v1-Tests-iOS */,
				24DB7F9F261D7AD1009F7AE7 /* Products */,
				369A7FB98144423DEF003AA2 /* Pods */,
				5C8C295479B748F14C63D5CB /* Frameworks */,
				607FACF51AFB993E008FA782 /* Podspec Metadata */,
			);
			sourceTree = "<group>";
		};
		24DB7F9F261D7AD1009F7AE7 /* Products */ = {
			isa = PBXGroup;
			children = (
				24DB7FBC261D7BB9009F7AE7 /* BitmovinAnalyticsCollector-v1-Example-iOS.app */,
				24DB7FD6261D7BD4009F7AE7 /* BitmovinAnalyticsCollector-v1-Example-tvOS.app */,
				24DB801A261D805B009F7AE7 /* BitmovinAnalyticsCollector-v1-Tests-iOS.xctest */,
			);
			name = Products;
			sourceTree = "<group>";
		};
		24DB7FBD261D7BB9009F7AE7 /* BitmovinAnalyticsCollector-v1-Example-iOS */ = {
			isa = PBXGroup;
			children = (
				24DB7FBE261D7BB9009F7AE7 /* AppDelegate.swift */,
				24DB7FC4261D7BB9009F7AE7 /* Main.storyboard */,
				24DB7FC7261D7BBB009F7AE7 /* Assets.xcassets */,
				0110960E2028C7B800A70D38 /* Images.xcassets */,
				24DB7FC9261D7BBB009F7AE7 /* LaunchScreen.storyboard */,
				24DB7FCC261D7BBB009F7AE7 /* Info.plist */,
				8F1713A424AB3D3F009ACECA /* AVFoundationDRMHelper */,
				011096082028C74C00A70D38 /* PlayerView.swift */,
				607FACD71AFB9204008FA782 /* AVFoundationViewController.swift */,
				8FAA118824AA1D5A00F7922B /* AVFoundationDrmViewController.swift */,
				01C26BE32083ED7B001A0D76 /* WelcomeViewController.swift */,
				01C26BE52083F14D001A0D76 /* BitmovinViewController.swift */,
				EC93565B2457F26A007B6F45 /* DebugBitmovinPlayerListener.swift */,
				8F54717124A37D8D008B31C2 /* BitmovinDrmViewController.swift */,
			);
			path = "BitmovinAnalyticsCollector-v1-Example-iOS";
			sourceTree = "<group>";
		};
		8F1713A424AB3D3F009ACECA /* AVFoundationDRMHelper */ = {
			isa = PBXGroup;
			children = (
				8F1713A824AB3FAD009ACECA /* Asset.swift */,
				8F1713AA24AB3FAD009ACECA /* FairPlayConfiguration.swift */,
				8F1713A924AB3FAD009ACECA /* Stream.swift */,
				8F1713A524AB3D64009ACECA /* AssetResourceLoaderDelegate.swift */,
			);
			path = AVFoundationDRMHelper;
			sourceTree = "<group>";
		};
		607FACF51AFB993E008FA782 /* Podspec Metadata */ = {
			isa = PBXGroup;
			children = (
				76A4CC2782BA260CFC7363C9 /* BitmovinAnalyticsCollector.podspec */,
				67D7D3032E40EEFC258C6F8D /* README.md */,
				A13FCB967E22402182A70074 /* LICENSE */,
			);
			name = "Podspec Metadata";
			sourceTree = "<group>";
		};
		24DB7FD7261D7BD4009F7AE7 /* BitmovinAnalyticsCollector-v1-Example-tvOS */ = {
			isa = PBXGroup;
			children = (
				24DB7FD8261D7BD4009F7AE7 /* AppDelegate.swift */,
				24DB7FDA261D7BD4009F7AE7 /* ViewController.swift */,
				24DB7FDC261D7BD4009F7AE7 /* Main.storyboard */,
				24DB7FDF261D7BD5009F7AE7 /* Assets.xcassets */,
				24DB7FE4261D7BD5009F7AE7 /* Info.plist */,
			);
			path = "BitmovinAnalyticsCollector-v1-Example-tvOS";
			sourceTree = "<group>";
		};
		24DB801B261D805B009F7AE7 /* BitmovinAnalyticsCollector-v1-Tests-iOS */ = {
			isa = PBXGroup;
			children = (
			);
			path = "BitmovinAnalyticsCollector-v1-Tests-iOS";
			sourceTree = "<group>";
		};
		369A7FB98144423DEF003AA2 /* Pods */ = {
			isa = PBXGroup;
			children = (
				94E92FFDF2C4FD3FDF42D78C /* Pods-BitmovinAnalyticsCollector-v1-Example-iOS.debug.xcconfig */,
				5E5AAB45C4DD6532B12C64D9 /* Pods-BitmovinAnalyticsCollector-v1-Example-iOS.release.xcconfig */,
				D0CDB82D7D17DD46A4ADC6A3 /* Pods-BitmovinAnalyticsCollector-v1-Example-tvOS.debug.xcconfig */,
				B7B396750776B44F1C585B91 /* Pods-BitmovinAnalyticsCollector-v1-Example-tvOS.release.xcconfig */,
				131DEC3EA3701F8CAE9AF90F /* Pods-BitmovinAnalyticsCollector-v1-Tests-iOS.debug.xcconfig */,
				38D18A53F31D6A43C2BA9E31 /* Pods-BitmovinAnalyticsCollector-v1-Tests-iOS.release.xcconfig */,
			);
			path = Pods;
			sourceTree = "<group>";
		};
		5C8C295479B748F14C63D5CB /* Frameworks */ = {
			isa = PBXGroup;
			children = (
				962A2CD519A407AD03A013F1 /* Pods_BitmovinAnalyticsCollector_v1_Example_iOS.framework */,
				ED5FD4D2B184576B1B267C78 /* Pods_BitmovinAnalyticsCollector_v1_Example_tvOS.framework */,
				CBF29EF0479CB721B1870DAD /* Pods_BitmovinAnalyticsCollector_v1_Tests_iOS.framework */,
			);
			name = Frameworks;
			sourceTree = "<group>";
		};
/* End PBXGroup section */

/* Begin PBXNativeTarget section */
		24DB7FBB261D7BB9009F7AE7 /* BitmovinAnalyticsCollector-v1-Example-iOS */ = {
			isa = PBXNativeTarget;
			buildConfigurationList = 24DB7FCD261D7BBB009F7AE7 /* Build configuration list for PBXNativeTarget "BitmovinAnalyticsCollector-v1-Example-iOS" */;
			buildPhases = (
				E5A68DD626F72FB864DBA067 /* [CP] Check Pods Manifest.lock */,
				24DB7FB8261D7BB9009F7AE7 /* Sources */,
				24DB7FB9261D7BB9009F7AE7 /* Frameworks */,
				24DB7FBA261D7BB9009F7AE7 /* Resources */,
				62DA4BE808E47919E66685F2 /* [CP] Embed Pods Frameworks */,
			);
			buildRules = (
			);
			dependencies = (
			);
			name = "BitmovinAnalyticsCollector-v1-Example-iOS";
			productName = "BitmovinAnalyticsCollector-v1-Example-iOS";
			productReference = 24DB7FBC261D7BB9009F7AE7 /* BitmovinAnalyticsCollector-v1-Example-iOS.app */;
			productType = "com.apple.product-type.application";
		};
		24DB7FD5261D7BD4009F7AE7 /* BitmovinAnalyticsCollector-v1-Example-tvOS */ = {
			isa = PBXNativeTarget;
			buildConfigurationList = 24DB7FE5261D7BD5009F7AE7 /* Build configuration list for PBXNativeTarget "BitmovinAnalyticsCollector-v1-Example-tvOS" */;
			buildPhases = (
				3AA72A758AD6A1BDAA72898A /* [CP] Check Pods Manifest.lock */,
				24DB7FD2261D7BD4009F7AE7 /* Sources */,
				24DB7FD3261D7BD4009F7AE7 /* Frameworks */,
				24DB7FD4261D7BD4009F7AE7 /* Resources */,
				0B04C12661BA642D3AF4FBD8 /* [CP] Embed Pods Frameworks */,
			);
			buildRules = (
			);
			dependencies = (
			);
			name = "BitmovinAnalyticsCollector-v1-Example-tvOS";
			productName = "BitmovinAnalyticsCollector-v1-Example-tvOS";
			productReference = 24DB7FD6261D7BD4009F7AE7 /* BitmovinAnalyticsCollector-v1-Example-tvOS.app */;
			productType = "com.apple.product-type.application";
		};
		24DB8019261D805B009F7AE7 /* BitmovinAnalyticsCollector-v1-Tests-iOS */ = {
			isa = PBXNativeTarget;
			buildConfigurationList = 24DB8021261D805B009F7AE7 /* Build configuration list for PBXNativeTarget "BitmovinAnalyticsCollector-v1-Tests-iOS" */;
			buildPhases = (
				EFCAE94B4A2833996988E914 /* [CP] Check Pods Manifest.lock */,
				24DB8016261D805B009F7AE7 /* Sources */,
				24DB8017261D805B009F7AE7 /* Frameworks */,
				24DB8018261D805B009F7AE7 /* Resources */,
				4C1CA700160FAB28AC6DCBDC /* [CP] Embed Pods Frameworks */,
			);
			buildRules = (
			);
			dependencies = (
			);
			name = "BitmovinAnalyticsCollector-v1-Tests-iOS";
			productName = "BitmovinAnalyticsCollector-v1-Tests-iOS";
			productReference = 24DB801A261D805B009F7AE7 /* BitmovinAnalyticsCollector-v1-Tests-iOS.xctest */;
			productType = "com.apple.product-type.bundle.unit-test";
		};
/* End PBXNativeTarget section */

/* Begin PBXProject section */
		24DB7F96261D7AD1009F7AE7 /* Project object */ = {
			isa = PBXProject;
			attributes = {
				LastSwiftUpdateCheck = 1240;
				LastUpgradeCheck = 1240;
				TargetAttributes = {
					24DB7FBB261D7BB9009F7AE7 = {
						CreatedOnToolsVersion = 12.4;
					};
					24DB7FD5261D7BD4009F7AE7 = {
						CreatedOnToolsVersion = 12.4;
					};
					24DB8019261D805B009F7AE7 = {
						CreatedOnToolsVersion = 12.4;
					};
				};
			};
			buildConfigurationList = 24DB7F99261D7AD1009F7AE7 /* Build configuration list for PBXProject "BitmovinAnalyticsCollector-v1" */;
			compatibilityVersion = "Xcode 9.3";
			developmentRegion = en;
			hasScannedForEncodings = 0;
			knownRegions = (
				en,
				Base,
			);
			mainGroup = 24DB7F95261D7AD1009F7AE7;
			productRefGroup = 24DB7F9F261D7AD1009F7AE7 /* Products */;
			projectDirPath = "";
			projectRoot = "";
			targets = (
				24DB7FBB261D7BB9009F7AE7 /* BitmovinAnalyticsCollector-v1-Example-iOS */,
				24DB7FD5261D7BD4009F7AE7 /* BitmovinAnalyticsCollector-v1-Example-tvOS */,
				24DB8019261D805B009F7AE7 /* BitmovinAnalyticsCollector-v1-Tests-iOS */,
			);
		};
/* End PBXProject section */

/* Begin PBXResourcesBuildPhase section */
		24DB7FBA261D7BB9009F7AE7 /* Resources */ = {
			isa = PBXResourcesBuildPhase;
			buildActionMask = 2147483647;
			files = (
				24DB7FCB261D7BBB009F7AE7 /* LaunchScreen.storyboard in Resources */,
				24DB7FC8261D7BBB009F7AE7 /* Assets.xcassets in Resources */,
				24DB7FC6261D7BB9009F7AE7 /* Main.storyboard in Resources */,
				24DB7FDE261D7BD4009F7AE7 /* Images.xcassets in Resources */,
			);
			runOnlyForDeploymentPostprocessing = 0;
		};
		24DB7FD4261D7BD4009F7AE7 /* Resources */ = {
			isa = PBXResourcesBuildPhase;
			buildActionMask = 2147483647;
			files = (
				24DB7FE3261D7BD5009F7AE7 /* LaunchScreen.storyboard in Resources */,
				24DB7FE0261D7BD5009F7AE7 /* Assets.xcassets in Resources */,
				24DB7FDE261D7BD4009F7AE7 /* Main.storyboard in Resources */,
			);
			runOnlyForDeploymentPostprocessing = 0;
		};
		24DB8018261D805B009F7AE7 /* Resources */ = {
			isa = PBXResourcesBuildPhase;
			buildActionMask = 2147483647;
			files = (
			);
			runOnlyForDeploymentPostprocessing = 0;
		};
/* End PBXResourcesBuildPhase section */

/* Begin PBXShellScriptBuildPhase section */
		0B04C12661BA642D3AF4FBD8 /* [CP] Embed Pods Frameworks */ = {
			isa = PBXShellScriptBuildPhase;
			buildActionMask = 2147483647;
			files = (
			);
			inputFileListPaths = (
				"${PODS_ROOT}/Target Support Files/Pods-BitmovinAnalyticsCollector-v1-Example-tvOS/Pods-BitmovinAnalyticsCollector-v1-Example-tvOS-frameworks-${CONFIGURATION}-input-files.xcfilelist",
			);
			name = "[CP] Embed Pods Frameworks";
			outputFileListPaths = (
				"${PODS_ROOT}/Target Support Files/Pods-BitmovinAnalyticsCollector-v1-Example-tvOS/Pods-BitmovinAnalyticsCollector-v1-Example-tvOS-frameworks-${CONFIGURATION}-output-files.xcfilelist",
			);
			runOnlyForDeploymentPostprocessing = 0;
			shellPath = /bin/sh;
			shellScript = "\"${PODS_ROOT}/Target Support Files/Pods-BitmovinAnalyticsCollector-v1-Example-tvOS/Pods-BitmovinAnalyticsCollector-v1-Example-tvOS-frameworks.sh\"\n";
			showEnvVarsInLog = 0;
		};
		3AA72A758AD6A1BDAA72898A /* [CP] Check Pods Manifest.lock */ = {
			isa = PBXShellScriptBuildPhase;
			buildActionMask = 2147483647;
			files = (
			);
			inputFileListPaths = (
			);
			inputPaths = (
				"${PODS_PODFILE_DIR_PATH}/Podfile.lock",
				"${PODS_ROOT}/Manifest.lock",
			);
			name = "[CP] Check Pods Manifest.lock";
			outputFileListPaths = (
			);
			outputPaths = (
				"$(DERIVED_FILE_DIR)/Pods-BitmovinAnalyticsCollector-v1-Example-tvOS-checkManifestLockResult.txt",
			);
			runOnlyForDeploymentPostprocessing = 0;
			shellPath = /bin/sh;
			shellScript = "diff \"${PODS_PODFILE_DIR_PATH}/Podfile.lock\" \"${PODS_ROOT}/Manifest.lock\" > /dev/null\nif [ $? != 0 ] ; then\n    # print error to STDERR\n    echo \"error: The sandbox is not in sync with the Podfile.lock. Run 'pod install' or update your CocoaPods installation.\" >&2\n    exit 1\nfi\n# This output is used by Xcode 'outputs' to avoid re-running this script phase.\necho \"SUCCESS\" > \"${SCRIPT_OUTPUT_FILE_0}\"\n";
			showEnvVarsInLog = 0;
		};
		4C1CA700160FAB28AC6DCBDC /* [CP] Embed Pods Frameworks */ = {
			isa = PBXShellScriptBuildPhase;
			buildActionMask = 2147483647;
			files = (
			);
			inputFileListPaths = (
				"${PODS_ROOT}/Target Support Files/Pods-BitmovinAnalyticsCollector-v1-Tests-iOS/Pods-BitmovinAnalyticsCollector-v1-Tests-iOS-frameworks-${CONFIGURATION}-input-files.xcfilelist",
			);
			name = "[CP] Embed Pods Frameworks";
			outputFileListPaths = (
				"${PODS_ROOT}/Target Support Files/Pods-BitmovinAnalyticsCollector-v1-Tests-iOS/Pods-BitmovinAnalyticsCollector-v1-Tests-iOS-frameworks-${CONFIGURATION}-output-files.xcfilelist",
			);
			runOnlyForDeploymentPostprocessing = 0;
			shellPath = /bin/sh;
			shellScript = "\"${PODS_ROOT}/Target Support Files/Pods-BitmovinAnalyticsCollector-v1-Tests-iOS/Pods-BitmovinAnalyticsCollector-v1-Tests-iOS-frameworks.sh\"\n";
			showEnvVarsInLog = 0;
		};
		62DA4BE808E47919E66685F2 /* [CP] Embed Pods Frameworks */ = {
			isa = PBXShellScriptBuildPhase;
			buildActionMask = 2147483647;
			files = (
			);
			inputFileListPaths = (
				"${PODS_ROOT}/Target Support Files/Pods-BitmovinAnalyticsCollector-v1-Example-iOS/Pods-BitmovinAnalyticsCollector-v1-Example-iOS-frameworks-${CONFIGURATION}-input-files.xcfilelist",
			);
			name = "[CP] Embed Pods Frameworks";
			outputFileListPaths = (
				"${PODS_ROOT}/Target Support Files/Pods-BitmovinAnalyticsCollector-v1-Example-iOS/Pods-BitmovinAnalyticsCollector-v1-Example-iOS-frameworks-${CONFIGURATION}-output-files.xcfilelist",
			);
			runOnlyForDeploymentPostprocessing = 0;
			shellPath = /bin/sh;
			shellScript = "\"${PODS_ROOT}/Target Support Files/Pods-BitmovinAnalyticsCollector-v1-Example-iOS/Pods-BitmovinAnalyticsCollector-v1-Example-iOS-frameworks.sh\"\n";
			showEnvVarsInLog = 0;
		};
		E5A68DD626F72FB864DBA067 /* [CP] Check Pods Manifest.lock */ = {
			isa = PBXShellScriptBuildPhase;
			buildActionMask = 2147483647;
			files = (
			);
			inputFileListPaths = (
			);
			inputPaths = (
				"${PODS_PODFILE_DIR_PATH}/Podfile.lock",
				"${PODS_ROOT}/Manifest.lock",
			);
			name = "[CP] Check Pods Manifest.lock";
			outputFileListPaths = (
			);
			outputPaths = (
				"$(DERIVED_FILE_DIR)/Pods-BitmovinAnalyticsCollector-v1-Example-iOS-checkManifestLockResult.txt",
			);
			runOnlyForDeploymentPostprocessing = 0;
			shellPath = /bin/sh;
			shellScript = "diff \"${PODS_PODFILE_DIR_PATH}/Podfile.lock\" \"${PODS_ROOT}/Manifest.lock\" > /dev/null\nif [ $? != 0 ] ; then\n    # print error to STDERR\n    echo \"error: The sandbox is not in sync with the Podfile.lock. Run 'pod install' or update your CocoaPods installation.\" >&2\n    exit 1\nfi\n# This output is used by Xcode 'outputs' to avoid re-running this script phase.\necho \"SUCCESS\" > \"${SCRIPT_OUTPUT_FILE_0}\"\n";
			showEnvVarsInLog = 0;
		};
		EFCAE94B4A2833996988E914 /* [CP] Check Pods Manifest.lock */ = {
			isa = PBXShellScriptBuildPhase;
			buildActionMask = 2147483647;
			files = (
			);
			inputFileListPaths = (
			);
			inputPaths = (
				"${PODS_PODFILE_DIR_PATH}/Podfile.lock",
				"${PODS_ROOT}/Manifest.lock",
			);
			name = "[CP] Check Pods Manifest.lock";
			outputFileListPaths = (
			);
			outputPaths = (
				"$(DERIVED_FILE_DIR)/Pods-BitmovinAnalyticsCollector-v1-Tests-iOS-checkManifestLockResult.txt",
			);
			runOnlyForDeploymentPostprocessing = 0;
			shellPath = /bin/sh;
			shellScript = "diff \"${PODS_PODFILE_DIR_PATH}/Podfile.lock\" \"${PODS_ROOT}/Manifest.lock\" > /dev/null\nif [ $? != 0 ] ; then\n    # print error to STDERR\n    echo \"error: The sandbox is not in sync with the Podfile.lock. Run 'pod install' or update your CocoaPods installation.\" >&2\n    exit 1\nfi\n# This output is used by Xcode 'outputs' to avoid re-running this script phase.\necho \"SUCCESS\" > \"${SCRIPT_OUTPUT_FILE_0}\"\n";
			showEnvVarsInLog = 0;
		};
/* End PBXShellScriptBuildPhase section */

/* Begin PBXSourcesBuildPhase section */
		24DB7FB8261D7BB9009F7AE7 /* Sources */ = {
			isa = PBXSourcesBuildPhase;
			buildActionMask = 2147483647;
			files = (
				24DB7FC3261D7BB9009F7AE7 /* ViewController.swift in Sources */,
				24DB7FBF261D7BB9009F7AE7 /* AppDelegate.swift in Sources */,
				24DB7FC1261D7BB9009F7AE7 /* SceneDelegate.swift in Sources */,
			);
			runOnlyForDeploymentPostprocessing = 0;
		};
		24DB7FD2261D7BD4009F7AE7 /* Sources */ = {
			isa = PBXSourcesBuildPhase;
			buildActionMask = 2147483647;
			files = (
				24DB7FDB261D7BD4009F7AE7 /* ViewController.swift in Sources */,
				24DB7FD9261D7BD4009F7AE7 /* AppDelegate.swift in Sources */,
			);
			runOnlyForDeploymentPostprocessing = 0;
		};
		24DB8016261D805B009F7AE7 /* Sources */ = {
			isa = PBXSourcesBuildPhase;
			buildActionMask = 2147483647;
			files = (
			);
			runOnlyForDeploymentPostprocessing = 0;
		};
/* End PBXSourcesBuildPhase section */

/* Begin PBXVariantGroup section */
		24DB7FC4261D7BB9009F7AE7 /* Main.storyboard */ = {
			isa = PBXVariantGroup;
			children = (
				24DB7FC5261D7BB9009F7AE7 /* Base */,
			);
			name = Main.storyboard;
			sourceTree = "<group>";
		};
		24DB7FC9261D7BBB009F7AE7 /* LaunchScreen.storyboard */ = {
			isa = PBXVariantGroup;
			children = (
				24DB7FCA261D7BBB009F7AE7 /* Base */,
			);
			name = LaunchScreen.storyboard;
			sourceTree = "<group>";
		};
		24DB7FDC261D7BD4009F7AE7 /* Main.storyboard */ = {
			isa = PBXVariantGroup;
			children = (
				24DB7FDD261D7BD4009F7AE7 /* Base */,
			);
			name = Main.storyboard;
			sourceTree = "<group>";
		};
		24DB7FE1261D7BD5009F7AE7 /* LaunchScreen.storyboard */ = {
			isa = PBXVariantGroup;
			children = (
				24DB7FE2261D7BD5009F7AE7 /* Base */,
			);
			name = LaunchScreen.storyboard;
			sourceTree = "<group>";
		};
/* End PBXVariantGroup section */

/* Begin XCBuildConfiguration section */
		24DB7FB0261D7AD4009F7AE7 /* Debug */ = {
			isa = XCBuildConfiguration;
			buildSettings = {
				ALWAYS_SEARCH_USER_PATHS = NO;
				CLANG_ANALYZER_NONNULL = YES;
				CLANG_ANALYZER_NUMBER_OBJECT_CONVERSION = YES_AGGRESSIVE;
				CLANG_CXX_LANGUAGE_STANDARD = "gnu++14";
				CLANG_CXX_LIBRARY = "libc++";
				CLANG_ENABLE_MODULES = YES;
				CLANG_ENABLE_OBJC_ARC = YES;
				CLANG_ENABLE_OBJC_WEAK = YES;
				CLANG_WARN_BLOCK_CAPTURE_AUTORELEASING = YES;
				CLANG_WARN_BOOL_CONVERSION = YES;
				CLANG_WARN_COMMA = YES;
				CLANG_WARN_CONSTANT_CONVERSION = YES;
				CLANG_WARN_DEPRECATED_OBJC_IMPLEMENTATIONS = YES;
				CLANG_WARN_DIRECT_OBJC_ISA_USAGE = YES_ERROR;
				CLANG_WARN_DOCUMENTATION_COMMENTS = YES;
				CLANG_WARN_EMPTY_BODY = YES;
				CLANG_WARN_ENUM_CONVERSION = YES;
				CLANG_WARN_INFINITE_RECURSION = YES;
				CLANG_WARN_INT_CONVERSION = YES;
				CLANG_WARN_NON_LITERAL_NULL_CONVERSION = YES;
				CLANG_WARN_OBJC_IMPLICIT_RETAIN_SELF = YES;
				CLANG_WARN_OBJC_LITERAL_CONVERSION = YES;
				CLANG_WARN_OBJC_ROOT_CLASS = YES_ERROR;
				CLANG_WARN_QUOTED_INCLUDE_IN_FRAMEWORK_HEADER = YES;
				CLANG_WARN_RANGE_LOOP_ANALYSIS = YES;
				CLANG_WARN_STRICT_PROTOTYPES = YES;
				CLANG_WARN_SUSPICIOUS_MOVE = YES;
				CLANG_WARN_UNGUARDED_AVAILABILITY = YES_AGGRESSIVE;
				CLANG_WARN_UNREACHABLE_CODE = YES;
				CLANG_WARN__DUPLICATE_METHOD_MATCH = YES;
				COPY_PHASE_STRIP = NO;
				DEBUG_INFORMATION_FORMAT = dwarf;
				ENABLE_STRICT_OBJC_MSGSEND = YES;
				ENABLE_TESTABILITY = YES;
				GCC_C_LANGUAGE_STANDARD = gnu11;
				GCC_DYNAMIC_NO_PIC = NO;
				GCC_NO_COMMON_BLOCKS = YES;
				GCC_OPTIMIZATION_LEVEL = 0;
				GCC_PREPROCESSOR_DEFINITIONS = (
					"DEBUG=1",
					"$(inherited)",
				);
				GCC_WARN_64_TO_32_BIT_CONVERSION = YES;
				GCC_WARN_ABOUT_RETURN_TYPE = YES_ERROR;
				GCC_WARN_UNDECLARED_SELECTOR = YES;
				GCC_WARN_UNINITIALIZED_AUTOS = YES_AGGRESSIVE;
				GCC_WARN_UNUSED_FUNCTION = YES;
				GCC_WARN_UNUSED_VARIABLE = YES;
				IPHONEOS_DEPLOYMENT_TARGET = 14.4;
				MTL_ENABLE_DEBUG_INFO = INCLUDE_SOURCE;
				MTL_FAST_MATH = YES;
				ONLY_ACTIVE_ARCH = YES;
				SDKROOT = iphoneos;
				SWIFT_ACTIVE_COMPILATION_CONDITIONS = DEBUG;
				SWIFT_OPTIMIZATION_LEVEL = "-Onone";
			};
			name = Debug;
		};
		24DB7FB1261D7AD4009F7AE7 /* Release */ = {
			isa = XCBuildConfiguration;
			buildSettings = {
				ALWAYS_SEARCH_USER_PATHS = NO;
				CLANG_ANALYZER_NONNULL = YES;
				CLANG_ANALYZER_NUMBER_OBJECT_CONVERSION = YES_AGGRESSIVE;
				CLANG_CXX_LANGUAGE_STANDARD = "gnu++14";
				CLANG_CXX_LIBRARY = "libc++";
				CLANG_ENABLE_MODULES = YES;
				CLANG_ENABLE_OBJC_ARC = YES;
				CLANG_ENABLE_OBJC_WEAK = YES;
				CLANG_WARN_BLOCK_CAPTURE_AUTORELEASING = YES;
				CLANG_WARN_BOOL_CONVERSION = YES;
				CLANG_WARN_COMMA = YES;
				CLANG_WARN_CONSTANT_CONVERSION = YES;
				CLANG_WARN_DEPRECATED_OBJC_IMPLEMENTATIONS = YES;
				CLANG_WARN_DIRECT_OBJC_ISA_USAGE = YES_ERROR;
				CLANG_WARN_DOCUMENTATION_COMMENTS = YES;
				CLANG_WARN_EMPTY_BODY = YES;
				CLANG_WARN_ENUM_CONVERSION = YES;
				CLANG_WARN_INFINITE_RECURSION = YES;
				CLANG_WARN_INT_CONVERSION = YES;
				CLANG_WARN_NON_LITERAL_NULL_CONVERSION = YES;
				CLANG_WARN_OBJC_IMPLICIT_RETAIN_SELF = YES;
				CLANG_WARN_OBJC_LITERAL_CONVERSION = YES;
				CLANG_WARN_OBJC_ROOT_CLASS = YES_ERROR;
				CLANG_WARN_QUOTED_INCLUDE_IN_FRAMEWORK_HEADER = YES;
				CLANG_WARN_RANGE_LOOP_ANALYSIS = YES;
				CLANG_WARN_STRICT_PROTOTYPES = YES;
				CLANG_WARN_SUSPICIOUS_MOVE = YES;
				CLANG_WARN_UNGUARDED_AVAILABILITY = YES_AGGRESSIVE;
				CLANG_WARN_UNREACHABLE_CODE = YES;
				CLANG_WARN__DUPLICATE_METHOD_MATCH = YES;
				COPY_PHASE_STRIP = NO;
				DEBUG_INFORMATION_FORMAT = "dwarf-with-dsym";
				ENABLE_NS_ASSERTIONS = NO;
				ENABLE_STRICT_OBJC_MSGSEND = YES;
				GCC_C_LANGUAGE_STANDARD = gnu11;
				GCC_NO_COMMON_BLOCKS = YES;
				GCC_WARN_64_TO_32_BIT_CONVERSION = YES;
				GCC_WARN_ABOUT_RETURN_TYPE = YES_ERROR;
				GCC_WARN_UNDECLARED_SELECTOR = YES;
				GCC_WARN_UNINITIALIZED_AUTOS = YES_AGGRESSIVE;
				GCC_WARN_UNUSED_FUNCTION = YES;
				GCC_WARN_UNUSED_VARIABLE = YES;
				IPHONEOS_DEPLOYMENT_TARGET = 14.4;
				MTL_ENABLE_DEBUG_INFO = NO;
				MTL_FAST_MATH = YES;
				SDKROOT = iphoneos;
				SWIFT_COMPILATION_MODE = wholemodule;
				SWIFT_OPTIMIZATION_LEVEL = "-O";
				VALIDATE_PRODUCT = YES;
			};
			name = Release;
		};
		24DB7FCE261D7BBB009F7AE7 /* Debug */ = {
			isa = XCBuildConfiguration;
			baseConfigurationReference = 94E92FFDF2C4FD3FDF42D78C /* Pods-BitmovinAnalyticsCollector-v1-Example-iOS.debug.xcconfig */;
			buildSettings = {
				ASSETCATALOG_COMPILER_APPICON_NAME = AppIcon;
				ASSETCATALOG_COMPILER_GLOBAL_ACCENT_COLOR_NAME = AccentColor;
				CODE_SIGN_STYLE = Automatic;
				INFOPLIST_FILE = "BitmovinAnalyticsCollector-v1-Example-iOS/Info.plist";
				LD_RUNPATH_SEARCH_PATHS = (
					"$(inherited)",
					"@executable_path/Frameworks",
				);
				PRODUCT_BUNDLE_IDENTIFIER = "com.bitmovin.analytics.BitmovinAnalyticsCollector-v1-Example-iOS";
				PRODUCT_NAME = "$(TARGET_NAME)";
				SWIFT_VERSION = 5.0;
				TARGETED_DEVICE_FAMILY = "1,2";
			};
			name = Debug;
		};
		24DB7FCF261D7BBB009F7AE7 /* Release */ = {
			isa = XCBuildConfiguration;
			baseConfigurationReference = 5E5AAB45C4DD6532B12C64D9 /* Pods-BitmovinAnalyticsCollector-v1-Example-iOS.release.xcconfig */;
			buildSettings = {
				ASSETCATALOG_COMPILER_APPICON_NAME = AppIcon;
				ASSETCATALOG_COMPILER_GLOBAL_ACCENT_COLOR_NAME = AccentColor;
				CODE_SIGN_STYLE = Automatic;
				INFOPLIST_FILE = "BitmovinAnalyticsCollector-v1-Example-iOS/Info.plist";
				LD_RUNPATH_SEARCH_PATHS = (
					"$(inherited)",
					"@executable_path/Frameworks",
				);
				PRODUCT_BUNDLE_IDENTIFIER = "com.bitmovin.analytics.BitmovinAnalyticsCollector-v1-Example-iOS";
				PRODUCT_NAME = "$(TARGET_NAME)";
				SWIFT_VERSION = 5.0;
				TARGETED_DEVICE_FAMILY = "1,2";
			};
			name = Release;
		};
		24DB7FE6261D7BD5009F7AE7 /* Debug */ = {
			isa = XCBuildConfiguration;
			baseConfigurationReference = D0CDB82D7D17DD46A4ADC6A3 /* Pods-BitmovinAnalyticsCollector-v1-Example-tvOS.debug.xcconfig */;
			buildSettings = {
				ASSETCATALOG_COMPILER_APPICON_NAME = "App Icon & Top Shelf Image";
				ASSETCATALOG_COMPILER_GLOBAL_ACCENT_COLOR_NAME = AccentColor;
				CODE_SIGN_STYLE = Automatic;
				INFOPLIST_FILE = "BitmovinAnalyticsCollector-v1-Example-tvOS/Info.plist";
				LD_RUNPATH_SEARCH_PATHS = (
					"$(inherited)",
					"@executable_path/Frameworks",
				);
				PRODUCT_BUNDLE_IDENTIFIER = "com.bitmovin.analytics.BitmovinAnalyticsCollector-v1-Example-tvOS";
				PRODUCT_NAME = "$(TARGET_NAME)";
				SDKROOT = appletvos;
				SWIFT_VERSION = 5.0;
				TARGETED_DEVICE_FAMILY = 3;
				TVOS_DEPLOYMENT_TARGET = 14.3;
			};
			name = Debug;
		};
		24DB7FE7261D7BD5009F7AE7 /* Release */ = {
			isa = XCBuildConfiguration;
			baseConfigurationReference = B7B396750776B44F1C585B91 /* Pods-BitmovinAnalyticsCollector-v1-Example-tvOS.release.xcconfig */;
			buildSettings = {
				ASSETCATALOG_COMPILER_APPICON_NAME = "App Icon & Top Shelf Image";
				ASSETCATALOG_COMPILER_GLOBAL_ACCENT_COLOR_NAME = AccentColor;
				CODE_SIGN_STYLE = Automatic;
				INFOPLIST_FILE = "BitmovinAnalyticsCollector-v1-Example-tvOS/Info.plist";
				LD_RUNPATH_SEARCH_PATHS = (
					"$(inherited)",
					"@executable_path/Frameworks",
				);
				PRODUCT_BUNDLE_IDENTIFIER = "com.bitmovin.analytics.BitmovinAnalyticsCollector-v1-Example-tvOS";
				PRODUCT_NAME = "$(TARGET_NAME)";
				SDKROOT = appletvos;
				SWIFT_VERSION = 5.0;
				TARGETED_DEVICE_FAMILY = 3;
				TVOS_DEPLOYMENT_TARGET = 14.3;
			};
			name = Release;
		};
		24DB801F261D805B009F7AE7 /* Debug */ = {
			isa = XCBuildConfiguration;
			baseConfigurationReference = 131DEC3EA3701F8CAE9AF90F /* Pods-BitmovinAnalyticsCollector-v1-Tests-iOS.debug.xcconfig */;
			buildSettings = {
				CODE_SIGN_STYLE = Automatic;
				INFOPLIST_FILE = "BitmovinAnalyticsCollector-v1-Tests-iOS/Info.plist";
				LD_RUNPATH_SEARCH_PATHS = (
					"$(inherited)",
					"@executable_path/Frameworks",
					"@loader_path/Frameworks",
				);
				PRODUCT_BUNDLE_IDENTIFIER = "com.bitmovin.analytics.BitmovinAnalyticsCollector-v1-Tests-iOS";
				PRODUCT_NAME = "$(TARGET_NAME)";
				SWIFT_VERSION = 5.0;
				TARGETED_DEVICE_FAMILY = "1,2";
			};
			name = Debug;
		};
		24DB8020261D805B009F7AE7 /* Release */ = {
			isa = XCBuildConfiguration;
			baseConfigurationReference = 38D18A53F31D6A43C2BA9E31 /* Pods-BitmovinAnalyticsCollector-v1-Tests-iOS.release.xcconfig */;
			buildSettings = {
				CODE_SIGN_STYLE = Automatic;
				INFOPLIST_FILE = "BitmovinAnalyticsCollector-v1-Tests-iOS/Info.plist";
				LD_RUNPATH_SEARCH_PATHS = (
					"$(inherited)",
					"@executable_path/Frameworks",
					"@loader_path/Frameworks",
				);
				PRODUCT_BUNDLE_IDENTIFIER = "com.bitmovin.analytics.BitmovinAnalyticsCollector-v1-Tests-iOS";
				PRODUCT_NAME = "$(TARGET_NAME)";
				SWIFT_VERSION = 5.0;
				TARGETED_DEVICE_FAMILY = "1,2";
			};
			name = Release;
		};
/* End XCBuildConfiguration section */

/* Begin XCConfigurationList section */
		24DB7F99261D7AD1009F7AE7 /* Build configuration list for PBXProject "BitmovinAnalyticsCollector-v1" */ = {
			isa = XCConfigurationList;
			buildConfigurations = (
				24DB7FB0261D7AD4009F7AE7 /* Debug */,
				24DB7FB1261D7AD4009F7AE7 /* Release */,
			);
			defaultConfigurationIsVisible = 0;
			defaultConfigurationName = Release;
		};
		24DB7FCD261D7BBB009F7AE7 /* Build configuration list for PBXNativeTarget "BitmovinAnalyticsCollector-v1-Example-iOS" */ = {
			isa = XCConfigurationList;
			buildConfigurations = (
				24DB7FCE261D7BBB009F7AE7 /* Debug */,
				24DB7FCF261D7BBB009F7AE7 /* Release */,
			);
			defaultConfigurationIsVisible = 0;
			defaultConfigurationName = Release;
		};
		24DB7FE5261D7BD5009F7AE7 /* Build configuration list for PBXNativeTarget "BitmovinAnalyticsCollector-v1-Example-tvOS" */ = {
			isa = XCConfigurationList;
			buildConfigurations = (
				24DB7FE6261D7BD5009F7AE7 /* Debug */,
				24DB7FE7261D7BD5009F7AE7 /* Release */,
			);
			defaultConfigurationIsVisible = 0;
			defaultConfigurationName = Release;
		};
		24DB8021261D805B009F7AE7 /* Build configuration list for PBXNativeTarget "BitmovinAnalyticsCollector-v1-Tests-iOS" */ = {
			isa = XCConfigurationList;
			buildConfigurations = (
				24DB801F261D805B009F7AE7 /* Debug */,
				24DB8020261D805B009F7AE7 /* Release */,
			);
			defaultConfigurationIsVisible = 0;
			defaultConfigurationName = Release;
		};
/* End XCConfigurationList section */
	};
	rootObject = 24DB7F96261D7AD1009F7AE7 /* Project object */;
}
